// !$*UTF8*$!
{
	archiveVersion = 1;
	classes = {
	};
	objectVersion = 46;
	objects = {

/* Begin PBXBuildFile section */
		38ADD7FF43D5306125DED15C /* Pods_StayAPT.framework in Frameworks */ = {isa = PBXBuildFile; fileRef = 31D8EC998F615DE835E39539 /* Pods_StayAPT.framework */; };
		846250751F4EC3B400654E3D /* FitnessCenterDetailCollectionViewCell.swift in Sources */ = {isa = PBXBuildFile; fileRef = 846250741F4EC3B400654E3D /* FitnessCenterDetailCollectionViewCell.swift */; };
		84DDE46C1F4D8EC000A2E244 /* MenuTableViewCell.swift in Sources */ = {isa = PBXBuildFile; fileRef = 84DDE46B1F4D8EC000A2E244 /* MenuTableViewCell.swift */; };
		84DDE46F1F4D934D00A2E244 /* AppDelegate.swift in Sources */ = {isa = PBXBuildFile; fileRef = 84DDE46E1F4D934D00A2E244 /* AppDelegate.swift */; };
		84DDE4731F4DFAED00A2E244 /* MenuListingTableViewCell.swift in Sources */ = {isa = PBXBuildFile; fileRef = 84DDE4721F4DFAED00A2E244 /* MenuListingTableViewCell.swift */; };
		84DDE4751F4E0C4700A2E244 /* BaseViewController.swift in Sources */ = {isa = PBXBuildFile; fileRef = 84DDE4741F4E0C4700A2E244 /* BaseViewController.swift */; };
		84F92F911F4FF8610002074D /* FitnessCenterLoginTableViewController.swift in Sources */ = {isa = PBXBuildFile; fileRef = 84F92F861F4FF8610002074D /* FitnessCenterLoginTableViewController.swift */; };
		84F92F921F4FF8610002074D /* FitnessHomeViewController.swift in Sources */ = {isa = PBXBuildFile; fileRef = 84F92F871F4FF8610002074D /* FitnessHomeViewController.swift */; };
		84F92F931F4FF8610002074D /* FitnessCenterDetailCollectionViewController.swift in Sources */ = {isa = PBXBuildFile; fileRef = 84F92F891F4FF8610002074D /* FitnessCenterDetailCollectionViewController.swift */; };
		84F92F941F4FF8610002074D /* HomeViewController.swift in Sources */ = {isa = PBXBuildFile; fileRef = 84F92F8A1F4FF8610002074D /* HomeViewController.swift */; };
		84F92F951F4FF8610002074D /* LoginTableViewController.swift in Sources */ = {isa = PBXBuildFile; fileRef = 84F92F8B1F4FF8610002074D /* LoginTableViewController.swift */; };
		84F92F961F4FF8610002074D /* MenuListingTableViewController.swift in Sources */ = {isa = PBXBuildFile; fileRef = 84F92F8C1F4FF8610002074D /* MenuListingTableViewController.swift */; };
		84F92F971F4FF8610002074D /* MenuTableViewController.swift in Sources */ = {isa = PBXBuildFile; fileRef = 84F92F8D1F4FF8610002074D /* MenuTableViewController.swift */; };
		84F92F981F4FF8610002074D /* MenuViewController.swift in Sources */ = {isa = PBXBuildFile; fileRef = 84F92F8E1F4FF8610002074D /* MenuViewController.swift */; };
		84F92F991F4FF8610002074D /* SignUpTableViewController.swift in Sources */ = {isa = PBXBuildFile; fileRef = 84F92F8F1F4FF8610002074D /* SignUpTableViewController.swift */; };
		84F92F9A1F4FF8610002074D /* ViewController.swift in Sources */ = {isa = PBXBuildFile; fileRef = 84F92F901F4FF8610002074D /* ViewController.swift */; };
		84F92FA21F4FFD920002074D /* BaseButton.swift in Sources */ = {isa = PBXBuildFile; fileRef = 84F92F9C1F4FFD920002074D /* BaseButton.swift */; };
		84F92FA31F4FFD920002074D /* FacebookButon.swift in Sources */ = {isa = PBXBuildFile; fileRef = 84F92F9D1F4FFD920002074D /* FacebookButon.swift */; };
		84F92FA41F4FFD920002074D /* BaseTextField.swift in Sources */ = {isa = PBXBuildFile; fileRef = 84F92F9F1F4FFD920002074D /* BaseTextField.swift */; };
		84F92FA51F4FFD920002074D /* BaseView.swift in Sources */ = {isa = PBXBuildFile; fileRef = 84F92FA11F4FFD920002074D /* BaseView.swift */; };
		84F92FA71F500B9A0002074D /* FitnessDashBoardTableViewController.swift in Sources */ = {isa = PBXBuildFile; fileRef = 84F92FA61F500B9A0002074D /* FitnessDashBoardTableViewController.swift */; };
		84F92FA91F5030ED0002074D /* CheckedInMemberCollectionViewController.swift in Sources */ = {isa = PBXBuildFile; fileRef = 84F92FA81F5030ED0002074D /* CheckedInMemberCollectionViewController.swift */; };
		84F92FAB1F50313C0002074D /* CheckedInMemberCollectionViewCell.swift in Sources */ = {isa = PBXBuildFile; fileRef = 84F92FAA1F50313C0002074D /* CheckedInMemberCollectionViewCell.swift */; };
		84F92FAE1F50329F0002074D /* SACheckedInMember.swift in Sources */ = {isa = PBXBuildFile; fileRef = 84F92FAD1F50329F0002074D /* SACheckedInMember.swift */; };
		84F92FB01F50382D0002074D /* CheckInMemberViewController.swift in Sources */ = {isa = PBXBuildFile; fileRef = 84F92FAF1F50382D0002074D /* CheckInMemberViewController.swift */; };
		84F92FB21F503E200002074D /* VisitiorsListingTableViewController.swift in Sources */ = {isa = PBXBuildFile; fileRef = 84F92FB11F503E200002074D /* VisitiorsListingTableViewController.swift */; };
		84F92FB41F503F370002074D /* VisitorsListingTableViewCell.swift in Sources */ = {isa = PBXBuildFile; fileRef = 84F92FB31F503F370002074D /* VisitorsListingTableViewCell.swift */; };
		84F92FC11F52F6E00002074D /* Fitness.storyboard in Resources */ = {isa = PBXBuildFile; fileRef = 84F92FBE1F52F6E00002074D /* Fitness.storyboard */; };
		84F92FC21F52F6E00002074D /* Main.storyboard in Resources */ = {isa = PBXBuildFile; fileRef = 84F92FC01F52F6E00002074D /* Main.storyboard */; };
		84F92FC41F53D8730002074D /* GalleryCollectionViewController.swift in Sources */ = {isa = PBXBuildFile; fileRef = 84F92FC31F53D8730002074D /* GalleryCollectionViewController.swift */; };
		84F92FC61F53E0E90002074D /* GalleryCollectionViewCell.swift in Sources */ = {isa = PBXBuildFile; fileRef = 84F92FC51F53E0E90002074D /* GalleryCollectionViewCell.swift */; };
		84F92FCA1F5401AE0002074D /* BlogsTableViewController.swift in Sources */ = {isa = PBXBuildFile; fileRef = 84F92FC91F5401AE0002074D /* BlogsTableViewController.swift */; };
		84F92FCC1F5401CB0002074D /* BlogsTableViewCell.swift in Sources */ = {isa = PBXBuildFile; fileRef = 84F92FCB1F5401CB0002074D /* BlogsTableViewCell.swift */; };
		84F92FCF1F540DC20002074D /* StayAptEnums.swift in Sources */ = {isa = PBXBuildFile; fileRef = 84F92FCE1F540DC20002074D /* StayAptEnums.swift */; };
		84F92FD11F541BD40002074D /* PersonalDetailTableViewController.swift in Sources */ = {isa = PBXBuildFile; fileRef = 84F92FD01F541BD40002074D /* PersonalDetailTableViewController.swift */; };
		84F92FD31F541BE80002074D /* MembershipDetailsTableViewController.swift in Sources */ = {isa = PBXBuildFile; fileRef = 84F92FD21F541BE80002074D /* MembershipDetailsTableViewController.swift */; };
		84F92FD51F541BF80002074D /* StayAptTableViewController.swift in Sources */ = {isa = PBXBuildFile; fileRef = 84F92FD41F541BF80002074D /* StayAptTableViewController.swift */; };
		84F92FD71F541F870002074D /* VisitorsFormTableViewController.swift in Sources */ = {isa = PBXBuildFile; fileRef = 84F92FD61F541F870002074D /* VisitorsFormTableViewController.swift */; };
		84F92FD91F54259E0002074D /* FitnessNotificationTableViewController.swift in Sources */ = {isa = PBXBuildFile; fileRef = 84F92FD81F54259E0002074D /* FitnessNotificationTableViewController.swift */; };
		84F92FDB1F54263C0002074D /* FitnessNotificationTableViewCell.swift in Sources */ = {isa = PBXBuildFile; fileRef = 84F92FDA1F54263C0002074D /* FitnessNotificationTableViewCell.swift */; };
		84F92FDD1F542A3E0002074D /* NotificationModel.swift in Sources */ = {isa = PBXBuildFile; fileRef = 84F92FDC1F542A3E0002074D /* NotificationModel.swift */; };
		84F92FDF1F54391A0002074D /* FitnessInformationTableViewCell.swift in Sources */ = {isa = PBXBuildFile; fileRef = 84F92FDE1F54391A0002074D /* FitnessInformationTableViewCell.swift */; };
		84F92FE11F544D770002074D /* BlogDetailTableViewController.swift in Sources */ = {isa = PBXBuildFile; fileRef = 84F92FE01F544D770002074D /* BlogDetailTableViewController.swift */; };
		84F92FE31F548CFC0002074D /* SettingsTableViewController.swift in Sources */ = {isa = PBXBuildFile; fileRef = 84F92FE21F548CFC0002074D /* SettingsTableViewController.swift */; };
		84F92FE51F55380D0002074D /* ClassModel.swift in Sources */ = {isa = PBXBuildFile; fileRef = 84F92FE41F55380D0002074D /* ClassModel.swift */; };
		84F92FE71F553A4C0002074D /* ClassService+GET.swift in Sources */ = {isa = PBXBuildFile; fileRef = 84F92FE61F553A4C0002074D /* ClassService+GET.swift */; };
		84F92FE91F553B9B0002074D /* StayAptConstants.swift in Sources */ = {isa = PBXBuildFile; fileRef = 84F92FE81F553B9B0002074D /* StayAptConstants.swift */; };
		84F92FEB1F5561C00002074D /* ClassModelArray.swift in Sources */ = {isa = PBXBuildFile; fileRef = 84F92FEA1F5561C00002074D /* ClassModelArray.swift */; };
		E24740231F4C3A5A001DC93D /* Assets.xcassets in Resources */ = {isa = PBXBuildFile; fileRef = E24740221F4C3A5A001DC93D /* Assets.xcassets */; };
		E24740261F4C3A5A001DC93D /* LaunchScreen.storyboard in Resources */ = {isa = PBXBuildFile; fileRef = E24740241F4C3A5A001DC93D /* LaunchScreen.storyboard */; };
/* End PBXBuildFile section */

/* Begin PBXFileReference section */
		31D8EC998F615DE835E39539 /* Pods_StayAPT.framework */ = {isa = PBXFileReference; explicitFileType = wrapper.framework; includeInIndex = 0; path = Pods_StayAPT.framework; sourceTree = BUILT_PRODUCTS_DIR; };
		65E17ABEC52E49A16416692A /* Pods-StayAPT.debug.xcconfig */ = {isa = PBXFileReference; includeInIndex = 1; lastKnownFileType = text.xcconfig; name = "Pods-StayAPT.debug.xcconfig"; path = "Pods/Target Support Files/Pods-StayAPT/Pods-StayAPT.debug.xcconfig"; sourceTree = "<group>"; };
		846250741F4EC3B400654E3D /* FitnessCenterDetailCollectionViewCell.swift */ = {isa = PBXFileReference; fileEncoding = 4; lastKnownFileType = sourcecode.swift; path = FitnessCenterDetailCollectionViewCell.swift; sourceTree = "<group>"; };
		84DDE46B1F4D8EC000A2E244 /* MenuTableViewCell.swift */ = {isa = PBXFileReference; fileEncoding = 4; lastKnownFileType = sourcecode.swift; path = MenuTableViewCell.swift; sourceTree = "<group>"; };
		84DDE46E1F4D934D00A2E244 /* AppDelegate.swift */ = {isa = PBXFileReference; fileEncoding = 4; lastKnownFileType = sourcecode.swift; path = AppDelegate.swift; sourceTree = "<group>"; };
		84DDE4721F4DFAED00A2E244 /* MenuListingTableViewCell.swift */ = {isa = PBXFileReference; fileEncoding = 4; lastKnownFileType = sourcecode.swift; path = MenuListingTableViewCell.swift; sourceTree = "<group>"; };
		84DDE4741F4E0C4700A2E244 /* BaseViewController.swift */ = {isa = PBXFileReference; fileEncoding = 4; lastKnownFileType = sourcecode.swift; path = BaseViewController.swift; sourceTree = "<group>"; };
		84F92F861F4FF8610002074D /* FitnessCenterLoginTableViewController.swift */ = {isa = PBXFileReference; fileEncoding = 4; lastKnownFileType = sourcecode.swift; path = FitnessCenterLoginTableViewController.swift; sourceTree = "<group>"; };
		84F92F871F4FF8610002074D /* FitnessHomeViewController.swift */ = {isa = PBXFileReference; fileEncoding = 4; lastKnownFileType = sourcecode.swift; path = FitnessHomeViewController.swift; sourceTree = "<group>"; };
		84F92F891F4FF8610002074D /* FitnessCenterDetailCollectionViewController.swift */ = {isa = PBXFileReference; fileEncoding = 4; lastKnownFileType = sourcecode.swift; path = FitnessCenterDetailCollectionViewController.swift; sourceTree = "<group>"; };
		84F92F8A1F4FF8610002074D /* HomeViewController.swift */ = {isa = PBXFileReference; fileEncoding = 4; lastKnownFileType = sourcecode.swift; path = HomeViewController.swift; sourceTree = "<group>"; };
		84F92F8B1F4FF8610002074D /* LoginTableViewController.swift */ = {isa = PBXFileReference; fileEncoding = 4; lastKnownFileType = sourcecode.swift; path = LoginTableViewController.swift; sourceTree = "<group>"; };
		84F92F8C1F4FF8610002074D /* MenuListingTableViewController.swift */ = {isa = PBXFileReference; fileEncoding = 4; lastKnownFileType = sourcecode.swift; path = MenuListingTableViewController.swift; sourceTree = "<group>"; };
		84F92F8D1F4FF8610002074D /* MenuTableViewController.swift */ = {isa = PBXFileReference; fileEncoding = 4; lastKnownFileType = sourcecode.swift; path = MenuTableViewController.swift; sourceTree = "<group>"; };
		84F92F8E1F4FF8610002074D /* MenuViewController.swift */ = {isa = PBXFileReference; fileEncoding = 4; lastKnownFileType = sourcecode.swift; path = MenuViewController.swift; sourceTree = "<group>"; };
		84F92F8F1F4FF8610002074D /* SignUpTableViewController.swift */ = {isa = PBXFileReference; fileEncoding = 4; lastKnownFileType = sourcecode.swift; path = SignUpTableViewController.swift; sourceTree = "<group>"; };
		84F92F901F4FF8610002074D /* ViewController.swift */ = {isa = PBXFileReference; fileEncoding = 4; lastKnownFileType = sourcecode.swift; path = ViewController.swift; sourceTree = "<group>"; };
		84F92F9C1F4FFD920002074D /* BaseButton.swift */ = {isa = PBXFileReference; fileEncoding = 4; lastKnownFileType = sourcecode.swift; path = BaseButton.swift; sourceTree = "<group>"; };
		84F92F9D1F4FFD920002074D /* FacebookButon.swift */ = {isa = PBXFileReference; fileEncoding = 4; lastKnownFileType = sourcecode.swift; path = FacebookButon.swift; sourceTree = "<group>"; };
		84F92F9F1F4FFD920002074D /* BaseTextField.swift */ = {isa = PBXFileReference; fileEncoding = 4; lastKnownFileType = sourcecode.swift; path = BaseTextField.swift; sourceTree = "<group>"; };
		84F92FA11F4FFD920002074D /* BaseView.swift */ = {isa = PBXFileReference; fileEncoding = 4; lastKnownFileType = sourcecode.swift; path = BaseView.swift; sourceTree = "<group>"; };
		84F92FA61F500B9A0002074D /* FitnessDashBoardTableViewController.swift */ = {isa = PBXFileReference; fileEncoding = 4; lastKnownFileType = sourcecode.swift; path = FitnessDashBoardTableViewController.swift; sourceTree = "<group>"; };
		84F92FA81F5030ED0002074D /* CheckedInMemberCollectionViewController.swift */ = {isa = PBXFileReference; fileEncoding = 4; lastKnownFileType = sourcecode.swift; path = CheckedInMemberCollectionViewController.swift; sourceTree = "<group>"; };
		84F92FAA1F50313C0002074D /* CheckedInMemberCollectionViewCell.swift */ = {isa = PBXFileReference; fileEncoding = 4; lastKnownFileType = sourcecode.swift; path = CheckedInMemberCollectionViewCell.swift; sourceTree = "<group>"; };
		84F92FAD1F50329F0002074D /* SACheckedInMember.swift */ = {isa = PBXFileReference; fileEncoding = 4; lastKnownFileType = sourcecode.swift; path = SACheckedInMember.swift; sourceTree = "<group>"; };
		84F92FAF1F50382D0002074D /* CheckInMemberViewController.swift */ = {isa = PBXFileReference; fileEncoding = 4; lastKnownFileType = sourcecode.swift; path = CheckInMemberViewController.swift; sourceTree = "<group>"; };
		84F92FB11F503E200002074D /* VisitiorsListingTableViewController.swift */ = {isa = PBXFileReference; fileEncoding = 4; lastKnownFileType = sourcecode.swift; path = VisitiorsListingTableViewController.swift; sourceTree = "<group>"; };
		84F92FB31F503F370002074D /* VisitorsListingTableViewCell.swift */ = {isa = PBXFileReference; fileEncoding = 4; lastKnownFileType = sourcecode.swift; path = VisitorsListingTableViewCell.swift; sourceTree = "<group>"; };
		84F92FBE1F52F6E00002074D /* Fitness.storyboard */ = {isa = PBXFileReference; fileEncoding = 4; lastKnownFileType = file.storyboard; path = Fitness.storyboard; sourceTree = "<group>"; };
		84F92FC01F52F6E00002074D /* Main.storyboard */ = {isa = PBXFileReference; fileEncoding = 4; lastKnownFileType = file.storyboard; path = Main.storyboard; sourceTree = "<group>"; };
		84F92FC31F53D8730002074D /* GalleryCollectionViewController.swift */ = {isa = PBXFileReference; fileEncoding = 4; lastKnownFileType = sourcecode.swift; path = GalleryCollectionViewController.swift; sourceTree = "<group>"; };
		84F92FC51F53E0E90002074D /* GalleryCollectionViewCell.swift */ = {isa = PBXFileReference; fileEncoding = 4; lastKnownFileType = sourcecode.swift; path = GalleryCollectionViewCell.swift; sourceTree = "<group>"; };
		84F92FC91F5401AE0002074D /* BlogsTableViewController.swift */ = {isa = PBXFileReference; fileEncoding = 4; lastKnownFileType = sourcecode.swift; path = BlogsTableViewController.swift; sourceTree = "<group>"; };
		84F92FCB1F5401CB0002074D /* BlogsTableViewCell.swift */ = {isa = PBXFileReference; fileEncoding = 4; lastKnownFileType = sourcecode.swift; path = BlogsTableViewCell.swift; sourceTree = "<group>"; };
		84F92FCE1F540DC20002074D /* StayAptEnums.swift */ = {isa = PBXFileReference; fileEncoding = 4; lastKnownFileType = sourcecode.swift; path = StayAptEnums.swift; sourceTree = "<group>"; };
		84F92FD01F541BD40002074D /* PersonalDetailTableViewController.swift */ = {isa = PBXFileReference; fileEncoding = 4; lastKnownFileType = sourcecode.swift; path = PersonalDetailTableViewController.swift; sourceTree = "<group>"; };
		84F92FD21F541BE80002074D /* MembershipDetailsTableViewController.swift */ = {isa = PBXFileReference; fileEncoding = 4; lastKnownFileType = sourcecode.swift; path = MembershipDetailsTableViewController.swift; sourceTree = "<group>"; };
		84F92FD41F541BF80002074D /* StayAptTableViewController.swift */ = {isa = PBXFileReference; fileEncoding = 4; lastKnownFileType = sourcecode.swift; path = StayAptTableViewController.swift; sourceTree = "<group>"; };
		84F92FD61F541F870002074D /* VisitorsFormTableViewController.swift */ = {isa = PBXFileReference; fileEncoding = 4; lastKnownFileType = sourcecode.swift; path = VisitorsFormTableViewController.swift; sourceTree = "<group>"; };
		84F92FD81F54259E0002074D /* FitnessNotificationTableViewController.swift */ = {isa = PBXFileReference; fileEncoding = 4; lastKnownFileType = sourcecode.swift; path = FitnessNotificationTableViewController.swift; sourceTree = "<group>"; };
		84F92FDA1F54263C0002074D /* FitnessNotificationTableViewCell.swift */ = {isa = PBXFileReference; fileEncoding = 4; lastKnownFileType = sourcecode.swift; path = FitnessNotificationTableViewCell.swift; sourceTree = "<group>"; };
		84F92FDC1F542A3E0002074D /* NotificationModel.swift */ = {isa = PBXFileReference; fileEncoding = 4; lastKnownFileType = sourcecode.swift; path = NotificationModel.swift; sourceTree = "<group>"; };
		84F92FDE1F54391A0002074D /* FitnessInformationTableViewCell.swift */ = {isa = PBXFileReference; fileEncoding = 4; lastKnownFileType = sourcecode.swift; path = FitnessInformationTableViewCell.swift; sourceTree = "<group>"; };
		84F92FE01F544D770002074D /* BlogDetailTableViewController.swift */ = {isa = PBXFileReference; fileEncoding = 4; lastKnownFileType = sourcecode.swift; path = BlogDetailTableViewController.swift; sourceTree = "<group>"; };
		84F92FE21F548CFC0002074D /* SettingsTableViewController.swift */ = {isa = PBXFileReference; fileEncoding = 4; lastKnownFileType = sourcecode.swift; path = SettingsTableViewController.swift; sourceTree = "<group>"; };
		84F92FE41F55380D0002074D /* ClassModel.swift */ = {isa = PBXFileReference; fileEncoding = 4; lastKnownFileType = sourcecode.swift; path = ClassModel.swift; sourceTree = "<group>"; };
		84F92FE61F553A4C0002074D /* ClassService+GET.swift */ = {isa = PBXFileReference; fileEncoding = 4; lastKnownFileType = sourcecode.swift; path = "ClassService+GET.swift"; sourceTree = "<group>"; };
		84F92FE81F553B9B0002074D /* StayAptConstants.swift */ = {isa = PBXFileReference; fileEncoding = 4; lastKnownFileType = sourcecode.swift; path = StayAptConstants.swift; sourceTree = "<group>"; };
		84F92FEA1F5561C00002074D /* ClassModelArray.swift */ = {isa = PBXFileReference; fileEncoding = 4; lastKnownFileType = sourcecode.swift; path = ClassModelArray.swift; sourceTree = "<group>"; };
		E24740181F4C3A5A001DC93D /* StayAPT.app */ = {isa = PBXFileReference; explicitFileType = wrapper.application; includeInIndex = 0; path = StayAPT.app; sourceTree = BUILT_PRODUCTS_DIR; };
		E24740221F4C3A5A001DC93D /* Assets.xcassets */ = {isa = PBXFileReference; lastKnownFileType = folder.assetcatalog; path = Assets.xcassets; sourceTree = "<group>"; };
		E24740251F4C3A5A001DC93D /* Base */ = {isa = PBXFileReference; lastKnownFileType = file.storyboard; name = Base; path = Base.lproj/LaunchScreen.storyboard; sourceTree = "<group>"; };
		E24740271F4C3A5A001DC93D /* Info.plist */ = {isa = PBXFileReference; lastKnownFileType = text.plist.xml; path = Info.plist; sourceTree = "<group>"; };
		E7E1724A211DA44BDEFD3C36 /* Pods-StayAPT.release.xcconfig */ = {isa = PBXFileReference; includeInIndex = 1; lastKnownFileType = text.xcconfig; name = "Pods-StayAPT.release.xcconfig"; path = "Pods/Target Support Files/Pods-StayAPT/Pods-StayAPT.release.xcconfig"; sourceTree = "<group>"; };
/* End PBXFileReference section */

/* Begin PBXFrameworksBuildPhase section */
		E24740151F4C3A5A001DC93D /* Frameworks */ = {
			isa = PBXFrameworksBuildPhase;
			buildActionMask = 2147483647;
			files = (
				38ADD7FF43D5306125DED15C /* Pods_StayAPT.framework in Frameworks */,
			);
			runOnlyForDeploymentPostprocessing = 0;
		};
/* End PBXFrameworksBuildPhase section */

/* Begin PBXGroup section */
		3FD37BCB607263194687054A /* Pods */ = {
			isa = PBXGroup;
			children = (
				65E17ABEC52E49A16416692A /* Pods-StayAPT.debug.xcconfig */,
				E7E1724A211DA44BDEFD3C36 /* Pods-StayAPT.release.xcconfig */,
			);
			name = Pods;
			sourceTree = "<group>";
		};
		55F92A1D63A273701F0FA54E /* Frameworks */ = {
			isa = PBXGroup;
			children = (
				31D8EC998F615DE835E39539 /* Pods_StayAPT.framework */,
			);
			name = Frameworks;
			sourceTree = "<group>";
		};
		84DDE4631F4D8E2A00A2E244 /* Controllers */ = {
			isa = PBXGroup;
			children = (
				84F92F851F4FF8610002074D /* FitnessCenter */,
				84F92F881F4FF8610002074D /* Member */,
			);
			path = Controllers;
			sourceTree = "<group>";
		};
		84DDE4681F4D8EC000A2E244 /* Helpers */ = {
			isa = PBXGroup;
			children = (
				84F92FCD1F540DC20002074D /* Enums */,
				84F92F9B1F4FFD920002074D /* Buttons */,
				84F92F9E1F4FFD920002074D /* TextFields */,
				84F92FA01F4FFD920002074D /* View */,
				84F92FE81F553B9B0002074D /* StayAptConstants.swift */,
			);
			path = Helpers;
			sourceTree = "<group>";
		};
		84DDE4691F4D8EC000A2E244 /* Services */ = {
			isa = PBXGroup;
			children = (
				84F92FE61F553A4C0002074D /* ClassService+GET.swift */,
			);
			path = Services;
			sourceTree = "<group>";
		};
		84DDE46A1F4D8EC000A2E244 /* Views */ = {
			isa = PBXGroup;
			children = (
				84DDE46B1F4D8EC000A2E244 /* MenuTableViewCell.swift */,
				84DDE4721F4DFAED00A2E244 /* MenuListingTableViewCell.swift */,
				846250741F4EC3B400654E3D /* FitnessCenterDetailCollectionViewCell.swift */,
				84F92FAA1F50313C0002074D /* CheckedInMemberCollectionViewCell.swift */,
				84F92FB31F503F370002074D /* VisitorsListingTableViewCell.swift */,
				84F92FCB1F5401CB0002074D /* BlogsTableViewCell.swift */,
				84F92FDA1F54263C0002074D /* FitnessNotificationTableViewCell.swift */,
				84F92FDE1F54391A0002074D /* FitnessInformationTableViewCell.swift */,
			);
			path = Views;
			sourceTree = "<group>";
		};
		84DDE46D1F4D933900A2E244 /* AppDelegate */ = {
			isa = PBXGroup;
			children = (
				84DDE46E1F4D934D00A2E244 /* AppDelegate.swift */,
			);
			path = AppDelegate;
			sourceTree = "<group>";
		};
		84F92F851F4FF8610002074D /* FitnessCenter */ = {
			isa = PBXGroup;
			children = (
				84F92F861F4FF8610002074D /* FitnessCenterLoginTableViewController.swift */,
				84F92F871F4FF8610002074D /* FitnessHomeViewController.swift */,
				84F92FA61F500B9A0002074D /* FitnessDashBoardTableViewController.swift */,
				84F92FA81F5030ED0002074D /* CheckedInMemberCollectionViewController.swift */,
				84F92FAF1F50382D0002074D /* CheckInMemberViewController.swift */,
				84F92FB11F503E200002074D /* VisitiorsListingTableViewController.swift */,
				84F92FD01F541BD40002074D /* PersonalDetailTableViewController.swift */,
				84F92FD21F541BE80002074D /* MembershipDetailsTableViewController.swift */,
				84F92FD41F541BF80002074D /* StayAptTableViewController.swift */,
				84F92FD61F541F870002074D /* VisitorsFormTableViewController.swift */,
				84F92FD81F54259E0002074D /* FitnessNotificationTableViewController.swift */,
			);
			path = FitnessCenter;
			sourceTree = "<group>";
		};
		84F92F881F4FF8610002074D /* Member */ = {
			isa = PBXGroup;
			children = (
				84F92F891F4FF8610002074D /* FitnessCenterDetailCollectionViewController.swift */,
				84F92F8A1F4FF8610002074D /* HomeViewController.swift */,
				84F92F8B1F4FF8610002074D /* LoginTableViewController.swift */,
				84F92F8C1F4FF8610002074D /* MenuListingTableViewController.swift */,
				84F92F8D1F4FF8610002074D /* MenuTableViewController.swift */,
				84F92F8E1F4FF8610002074D /* MenuViewController.swift */,
				84F92F8F1F4FF8610002074D /* SignUpTableViewController.swift */,
				84F92F901F4FF8610002074D /* ViewController.swift */,
				84F92FC31F53D8730002074D /* GalleryCollectionViewController.swift */,
				84F92FC51F53E0E90002074D /* GalleryCollectionViewCell.swift */,
				84F92FC91F5401AE0002074D /* BlogsTableViewController.swift */,
				84F92FE01F544D770002074D /* BlogDetailTableViewController.swift */,
				84F92FE21F548CFC0002074D /* SettingsTableViewController.swift */,
			);
			path = Member;
			sourceTree = "<group>";
		};
		84F92F9B1F4FFD920002074D /* Buttons */ = {
			isa = PBXGroup;
			children = (
				84F92F9C1F4FFD920002074D /* BaseButton.swift */,
				84F92F9D1F4FFD920002074D /* FacebookButon.swift */,
			);
			path = Buttons;
			sourceTree = "<group>";
		};
		84F92F9E1F4FFD920002074D /* TextFields */ = {
			isa = PBXGroup;
			children = (
				84F92F9F1F4FFD920002074D /* BaseTextField.swift */,
			);
			path = TextFields;
			sourceTree = "<group>";
		};
		84F92FA01F4FFD920002074D /* View */ = {
			isa = PBXGroup;
			children = (
				84F92FA11F4FFD920002074D /* BaseView.swift */,
			);
			path = View;
			sourceTree = "<group>";
		};
		84F92FAC1F5032780002074D /* Model */ = {
			isa = PBXGroup;
			children = (
				84F92FAD1F50329F0002074D /* SACheckedInMember.swift */,
				84F92FDC1F542A3E0002074D /* NotificationModel.swift */,
				84F92FE41F55380D0002074D /* ClassModel.swift */,
				84F92FEA1F5561C00002074D /* ClassModelArray.swift */,
			);
			path = Model;
			sourceTree = "<group>";
		};
		84F92FBC1F52F6E00002074D /* Storyboards */ = {
			isa = PBXGroup;
			children = (
				84F92FBD1F52F6E00002074D /* Fitness */,
				84F92FBF1F52F6E00002074D /* Member */,
			);
			name = Storyboards;
			path = Base.lproj/Storyboards;
			sourceTree = "<group>";
		};
		84F92FBD1F52F6E00002074D /* Fitness */ = {
			isa = PBXGroup;
			children = (
				84F92FBE1F52F6E00002074D /* Fitness.storyboard */,
			);
			path = Fitness;
			sourceTree = "<group>";
		};
		84F92FBF1F52F6E00002074D /* Member */ = {
			isa = PBXGroup;
			children = (
				84F92FC01F52F6E00002074D /* Main.storyboard */,
			);
			path = Member;
			sourceTree = "<group>";
		};
		84F92FCD1F540DC20002074D /* Enums */ = {
			isa = PBXGroup;
			children = (
				84F92FCE1F540DC20002074D /* StayAptEnums.swift */,
			);
			path = Enums;
			sourceTree = "<group>";
		};
		E247400F1F4C3A5A001DC93D = {
			isa = PBXGroup;
			children = (
				E247401A1F4C3A5A001DC93D /* StayAPT */,
				E24740191F4C3A5A001DC93D /* Products */,
				3FD37BCB607263194687054A /* Pods */,
				55F92A1D63A273701F0FA54E /* Frameworks */,
			);
			sourceTree = "<group>";
		};
		E24740191F4C3A5A001DC93D /* Products */ = {
			isa = PBXGroup;
			children = (
				E24740181F4C3A5A001DC93D /* StayAPT.app */,
			);
			name = Products;
			sourceTree = "<group>";
		};
		E247401A1F4C3A5A001DC93D /* StayAPT */ = {
			isa = PBXGroup;
			children = (
				84F92FBC1F52F6E00002074D /* Storyboards */,
				84F92FAC1F5032780002074D /* Model */,
				84DDE46D1F4D933900A2E244 /* AppDelegate */,
				84DDE4681F4D8EC000A2E244 /* Helpers */,
				84DDE4691F4D8EC000A2E244 /* Services */,
				84DDE46A1F4D8EC000A2E244 /* Views */,
				84DDE4631F4D8E2A00A2E244 /* Controllers */,
				E24740221F4C3A5A001DC93D /* Assets.xcassets */,
				E24740241F4C3A5A001DC93D /* LaunchScreen.storyboard */,
				E24740271F4C3A5A001DC93D /* Info.plist */,
				84DDE4741F4E0C4700A2E244 /* BaseViewController.swift */,
			);
			path = StayAPT;
			sourceTree = "<group>";
		};
/* End PBXGroup section */

/* Begin PBXNativeTarget section */
		E24740171F4C3A5A001DC93D /* StayAPT */ = {
			isa = PBXNativeTarget;
			buildConfigurationList = E247402A1F4C3A5A001DC93D /* Build configuration list for PBXNativeTarget "StayAPT" */;
			buildPhases = (
				0F1164E93C7DA319AA4A0FC8 /* [CP] Check Pods Manifest.lock */,
				E24740141F4C3A5A001DC93D /* Sources */,
				E24740151F4C3A5A001DC93D /* Frameworks */,
				E24740161F4C3A5A001DC93D /* Resources */,
				79BE13D9B744738F2D837DA0 /* [CP] Embed Pods Frameworks */,
				7C17FA48D34054227D066A8B /* [CP] Copy Pods Resources */,
			);
			buildRules = (
			);
			dependencies = (
			);
			name = StayAPT;
			productName = StayAPT;
			productReference = E24740181F4C3A5A001DC93D /* StayAPT.app */;
			productType = "com.apple.product-type.application";
		};
/* End PBXNativeTarget section */

/* Begin PBXProject section */
		E24740101F4C3A5A001DC93D /* Project object */ = {
			isa = PBXProject;
			attributes = {
				LastSwiftUpdateCheck = 0830;
				LastUpgradeCheck = 0830;
				ORGANIZATIONNAME = Techximum;
				TargetAttributes = {
					E24740171F4C3A5A001DC93D = {
						CreatedOnToolsVersion = 8.3.3;
						ProvisioningStyle = Automatic;
					};
				};
			};
			buildConfigurationList = E24740131F4C3A5A001DC93D /* Build configuration list for PBXProject "StayAPT" */;
			compatibilityVersion = "Xcode 3.2";
			developmentRegion = English;
			hasScannedForEncodings = 0;
			knownRegions = (
				en,
				Base,
			);
			mainGroup = E247400F1F4C3A5A001DC93D;
			productRefGroup = E24740191F4C3A5A001DC93D /* Products */;
			projectDirPath = "";
			projectRoot = "";
			targets = (
				E24740171F4C3A5A001DC93D /* StayAPT */,
			);
		};
/* End PBXProject section */

/* Begin PBXResourcesBuildPhase section */
		E24740161F4C3A5A001DC93D /* Resources */ = {
			isa = PBXResourcesBuildPhase;
			buildActionMask = 2147483647;
			files = (
				E24740261F4C3A5A001DC93D /* LaunchScreen.storyboard in Resources */,
				E24740231F4C3A5A001DC93D /* Assets.xcassets in Resources */,
				84F92FC11F52F6E00002074D /* Fitness.storyboard in Resources */,
				84F92FC21F52F6E00002074D /* Main.storyboard in Resources */,
			);
			runOnlyForDeploymentPostprocessing = 0;
		};
/* End PBXResourcesBuildPhase section */

/* Begin PBXShellScriptBuildPhase section */
		0F1164E93C7DA319AA4A0FC8 /* [CP] Check Pods Manifest.lock */ = {
			isa = PBXShellScriptBuildPhase;
			buildActionMask = 2147483647;
			files = (
			);
			inputPaths = (
				"${PODS_PODFILE_DIR_PATH}/Podfile.lock",
				"${PODS_ROOT}/Manifest.lock",
			);
			name = "[CP] Check Pods Manifest.lock";
			outputPaths = (
				"$(DERIVED_FILE_DIR)/Pods-StayAPT-checkManifestLockResult.txt",
			);
			runOnlyForDeploymentPostprocessing = 0;
			shellPath = /bin/sh;
			shellScript = "diff \"${PODS_PODFILE_DIR_PATH}/Podfile.lock\" \"${PODS_ROOT}/Manifest.lock\" > /dev/null\nif [ $? != 0 ] ; then\n    # print error to STDERR\n    echo \"error: The sandbox is not in sync with the Podfile.lock. Run 'pod install' or update your CocoaPods installation.\" >&2\n    exit 1\nfi\n# This output is used by Xcode 'outputs' to avoid re-running this script phase.\necho \"SUCCESS\" > \"${SCRIPT_OUTPUT_FILE_0}\"\n";
			showEnvVarsInLog = 0;
		};
		79BE13D9B744738F2D837DA0 /* [CP] Embed Pods Frameworks */ = {
			isa = PBXShellScriptBuildPhase;
			buildActionMask = 2147483647;
			files = (
			);
			inputPaths = (
				"${SRCROOT}/Pods/Target Support Files/Pods-StayAPT/Pods-StayAPT-frameworks.sh",
				"${BUILT_PRODUCTS_DIR}/Alamofire/Alamofire.framework",
				"${BUILT_PRODUCTS_DIR}/Gloss/Gloss.framework",
				"${BUILT_PRODUCTS_DIR}/IQKeyboardManager/IQKeyboardManager.framework",
				"${BUILT_PRODUCTS_DIR}/Kingfisher/Kingfisher.framework",
				"${BUILT_PRODUCTS_DIR}/YBSlantedCollectionViewLayout/YBSlantedCollectionViewLayout.framework",
			);
			name = "[CP] Embed Pods Frameworks";
			outputPaths = (
				"${TARGET_BUILD_DIR}/${FRAMEWORKS_FOLDER_PATH}/Alamofire.framework",
				"${TARGET_BUILD_DIR}/${FRAMEWORKS_FOLDER_PATH}/Gloss.framework",
				"${TARGET_BUILD_DIR}/${FRAMEWORKS_FOLDER_PATH}/IQKeyboardManager.framework",
				"${TARGET_BUILD_DIR}/${FRAMEWORKS_FOLDER_PATH}/Kingfisher.framework",
				"${TARGET_BUILD_DIR}/${FRAMEWORKS_FOLDER_PATH}/YBSlantedCollectionViewLayout.framework",
			);
			runOnlyForDeploymentPostprocessing = 0;
			shellPath = /bin/sh;
			shellScript = "\"${SRCROOT}/Pods/Target Support Files/Pods-StayAPT/Pods-StayAPT-frameworks.sh\"\n";
			showEnvVarsInLog = 0;
		};
		7C17FA48D34054227D066A8B /* [CP] Copy Pods Resources */ = {
			isa = PBXShellScriptBuildPhase;
			buildActionMask = 2147483647;
			files = (
			);
			inputPaths = (
			);
			name = "[CP] Copy Pods Resources";
			outputPaths = (
			);
			runOnlyForDeploymentPostprocessing = 0;
			shellPath = /bin/sh;
			shellScript = "\"${SRCROOT}/Pods/Target Support Files/Pods-StayAPT/Pods-StayAPT-resources.sh\"\n";
			showEnvVarsInLog = 0;
		};
/* End PBXShellScriptBuildPhase section */

/* Begin PBXSourcesBuildPhase section */
		E24740141F4C3A5A001DC93D /* Sources */ = {
			isa = PBXSourcesBuildPhase;
			buildActionMask = 2147483647;
			files = (
				84F92FE51F55380D0002074D /* ClassModel.swift in Sources */,
				84F92FD11F541BD40002074D /* PersonalDetailTableViewController.swift in Sources */,
				84DDE4731F4DFAED00A2E244 /* MenuListingTableViewCell.swift in Sources */,
				84F92F971F4FF8610002074D /* MenuTableViewController.swift in Sources */,
				846250751F4EC3B400654E3D /* FitnessCenterDetailCollectionViewCell.swift in Sources */,
				84F92FA71F500B9A0002074D /* FitnessDashBoardTableViewController.swift in Sources */,
				84F92FDF1F54391A0002074D /* FitnessInformationTableViewCell.swift in Sources */,
				84F92FB21F503E200002074D /* VisitiorsListingTableViewController.swift in Sources */,
				84F92FC61F53E0E90002074D /* GalleryCollectionViewCell.swift in Sources */,
				84F92FA91F5030ED0002074D /* CheckedInMemberCollectionViewController.swift in Sources */,
				84F92FA41F4FFD920002074D /* BaseTextField.swift in Sources */,
				84F92FD71F541F870002074D /* VisitorsFormTableViewController.swift in Sources */,
				84F92FC41F53D8730002074D /* GalleryCollectionViewController.swift in Sources */,
				84F92FE11F544D770002074D /* BlogDetailTableViewController.swift in Sources */,
				84F92FDB1F54263C0002074D /* FitnessNotificationTableViewCell.swift in Sources */,
				84F92FD51F541BF80002074D /* StayAptTableViewController.swift in Sources */,
				84F92F941F4FF8610002074D /* HomeViewController.swift in Sources */,
				84F92FD91F54259E0002074D /* FitnessNotificationTableViewController.swift in Sources */,
				84F92FCC1F5401CB0002074D /* BlogsTableViewCell.swift in Sources */,
				84F92FA21F4FFD920002074D /* BaseButton.swift in Sources */,
				84F92FE91F553B9B0002074D /* StayAptConstants.swift in Sources */,
				84F92FB01F50382D0002074D /* CheckInMemberViewController.swift in Sources */,
				84F92FDD1F542A3E0002074D /* NotificationModel.swift in Sources */,
				84F92FA31F4FFD920002074D /* FacebookButon.swift in Sources */,
				84F92FCA1F5401AE0002074D /* BlogsTableViewController.swift in Sources */,
				84F92FD31F541BE80002074D /* MembershipDetailsTableViewController.swift in Sources */,
				84F92F991F4FF8610002074D /* SignUpTableViewController.swift in Sources */,
				84DDE46C1F4D8EC000A2E244 /* MenuTableViewCell.swift in Sources */,
				84F92FEB1F5561C00002074D /* ClassModelArray.swift in Sources */,
				84F92F961F4FF8610002074D /* MenuListingTableViewController.swift in Sources */,
				84DDE46F1F4D934D00A2E244 /* AppDelegate.swift in Sources */,
				84F92FB41F503F370002074D /* VisitorsListingTableViewCell.swift in Sources */,
				84F92F931F4FF8610002074D /* FitnessCenterDetailCollectionViewController.swift in Sources */,
				84DDE4751F4E0C4700A2E244 /* BaseViewController.swift in Sources */,
				84F92F9A1F4FF8610002074D /* ViewController.swift in Sources */,
				84F92FAE1F50329F0002074D /* SACheckedInMember.swift in Sources */,
				84F92F951F4FF8610002074D /* LoginTableViewController.swift in Sources */,
				84F92FA51F4FFD920002074D /* BaseView.swift in Sources */,
				84F92FCF1F540DC20002074D /* StayAptEnums.swift in Sources */,
				84F92F981F4FF8610002074D /* MenuViewController.swift in Sources */,
				84F92FE31F548CFC0002074D /* SettingsTableViewController.swift in Sources */,
				84F92FAB1F50313C0002074D /* CheckedInMemberCollectionViewCell.swift in Sources */,
				84F92FE71F553A4C0002074D /* ClassService+GET.swift in Sources */,
				84F92F911F4FF8610002074D /* FitnessCenterLoginTableViewController.swift in Sources */,
				84F92F921F4FF8610002074D /* FitnessHomeViewController.swift in Sources */,
			);
			runOnlyForDeploymentPostprocessing = 0;
		};
/* End PBXSourcesBuildPhase section */

/* Begin PBXVariantGroup section */
		E24740241F4C3A5A001DC93D /* LaunchScreen.storyboard */ = {
			isa = PBXVariantGroup;
			children = (
				E24740251F4C3A5A001DC93D /* Base */,
			);
			name = LaunchScreen.storyboard;
			sourceTree = "<group>";
		};
/* End PBXVariantGroup section */

/* Begin XCBuildConfiguration section */
		E24740281F4C3A5A001DC93D /* Debug */ = {
			isa = XCBuildConfiguration;
			buildSettings = {
				ALWAYS_SEARCH_USER_PATHS = NO;
				CLANG_ANALYZER_NONNULL = YES;
				CLANG_ANALYZER_NUMBER_OBJECT_CONVERSION = YES_AGGRESSIVE;
				CLANG_CXX_LANGUAGE_STANDARD = "gnu++0x";
				CLANG_CXX_LIBRARY = "libc++";
				CLANG_ENABLE_MODULES = YES;
				CLANG_ENABLE_OBJC_ARC = YES;
				CLANG_WARN_BOOL_CONVERSION = YES;
				CLANG_WARN_CONSTANT_CONVERSION = YES;
				CLANG_WARN_DIRECT_OBJC_ISA_USAGE = YES_ERROR;
				CLANG_WARN_DOCUMENTATION_COMMENTS = YES;
				CLANG_WARN_EMPTY_BODY = YES;
				CLANG_WARN_ENUM_CONVERSION = YES;
				CLANG_WARN_INFINITE_RECURSION = YES;
				CLANG_WARN_INT_CONVERSION = YES;
				CLANG_WARN_OBJC_ROOT_CLASS = YES_ERROR;
				CLANG_WARN_SUSPICIOUS_MOVE = YES;
				CLANG_WARN_UNREACHABLE_CODE = YES;
				CLANG_WARN__DUPLICATE_METHOD_MATCH = YES;
				"CODE_SIGN_IDENTITY[sdk=iphoneos*]" = "iPhone Developer";
				COPY_PHASE_STRIP = NO;
				DEBUG_INFORMATION_FORMAT = dwarf;
				ENABLE_STRICT_OBJC_MSGSEND = YES;
				ENABLE_TESTABILITY = YES;
				GCC_C_LANGUAGE_STANDARD = gnu99;
				GCC_DYNAMIC_NO_PIC = NO;
				GCC_NO_COMMON_BLOCKS = YES;
				GCC_OPTIMIZATION_LEVEL = 0;
				GCC_PREPROCESSOR_DEFINITIONS = (
					"DEBUG=1",
					"$(inherited)",
				);
				GCC_WARN_64_TO_32_BIT_CONVERSION = YES;
				GCC_WARN_ABOUT_RETURN_TYPE = YES_ERROR;
				GCC_WARN_UNDECLARED_SELECTOR = YES;
				GCC_WARN_UNINITIALIZED_AUTOS = YES_AGGRESSIVE;
				GCC_WARN_UNUSED_FUNCTION = YES;
				GCC_WARN_UNUSED_VARIABLE = YES;
				IPHONEOS_DEPLOYMENT_TARGET = 10.3;
				MTL_ENABLE_DEBUG_INFO = YES;
				ONLY_ACTIVE_ARCH = YES;
				SDKROOT = iphoneos;
				SWIFT_ACTIVE_COMPILATION_CONDITIONS = DEBUG;
				SWIFT_OPTIMIZATION_LEVEL = "-Onone";
				TARGETED_DEVICE_FAMILY = "1,2";
			};
			name = Debug;
		};
		E24740291F4C3A5A001DC93D /* Release */ = {
			isa = XCBuildConfiguration;
			buildSettings = {
				ALWAYS_SEARCH_USER_PATHS = NO;
				CLANG_ANALYZER_NONNULL = YES;
				CLANG_ANALYZER_NUMBER_OBJECT_CONVERSION = YES_AGGRESSIVE;
				CLANG_CXX_LANGUAGE_STANDARD = "gnu++0x";
				CLANG_CXX_LIBRARY = "libc++";
				CLANG_ENABLE_MODULES = YES;
				CLANG_ENABLE_OBJC_ARC = YES;
				CLANG_WARN_BOOL_CONVERSION = YES;
				CLANG_WARN_CONSTANT_CONVERSION = YES;
				CLANG_WARN_DIRECT_OBJC_ISA_USAGE = YES_ERROR;
				CLANG_WARN_DOCUMENTATION_COMMENTS = YES;
				CLANG_WARN_EMPTY_BODY = YES;
				CLANG_WARN_ENUM_CONVERSION = YES;
				CLANG_WARN_INFINITE_RECURSION = YES;
				CLANG_WARN_INT_CONVERSION = YES;
				CLANG_WARN_OBJC_ROOT_CLASS = YES_ERROR;
				CLANG_WARN_SUSPICIOUS_MOVE = YES;
				CLANG_WARN_UNREACHABLE_CODE = YES;
				CLANG_WARN__DUPLICATE_METHOD_MATCH = YES;
				"CODE_SIGN_IDENTITY[sdk=iphoneos*]" = "iPhone Developer";
				COPY_PHASE_STRIP = NO;
				DEBUG_INFORMATION_FORMAT = "dwarf-with-dsym";
				ENABLE_NS_ASSERTIONS = NO;
				ENABLE_STRICT_OBJC_MSGSEND = YES;
				GCC_C_LANGUAGE_STANDARD = gnu99;
				GCC_NO_COMMON_BLOCKS = YES;
				GCC_WARN_64_TO_32_BIT_CONVERSION = YES;
				GCC_WARN_ABOUT_RETURN_TYPE = YES_ERROR;
				GCC_WARN_UNDECLARED_SELECTOR = YES;
				GCC_WARN_UNINITIALIZED_AUTOS = YES_AGGRESSIVE;
				GCC_WARN_UNUSED_FUNCTION = YES;
				GCC_WARN_UNUSED_VARIABLE = YES;
				IPHONEOS_DEPLOYMENT_TARGET = 10.3;
				MTL_ENABLE_DEBUG_INFO = NO;
				SDKROOT = iphoneos;
				SWIFT_OPTIMIZATION_LEVEL = "-Owholemodule";
				TARGETED_DEVICE_FAMILY = "1,2";
				VALIDATE_PRODUCT = YES;
			};
			name = Release;
		};
		E247402B1F4C3A5A001DC93D /* Debug */ = {
			isa = XCBuildConfiguration;
			baseConfigurationReference = 65E17ABEC52E49A16416692A /* Pods-StayAPT.debug.xcconfig */;
			buildSettings = {
				ASSETCATALOG_COMPILER_APPICON_NAME = AppIcon;
				INFOPLIST_FILE = StayAPT/Info.plist;
				IPHONEOS_DEPLOYMENT_TARGET = 9.3;
				LD_RUNPATH_SEARCH_PATHS = "$(inherited) @executable_path/Frameworks";
				PRODUCT_BUNDLE_IDENTIFIER = com.techximum.StayAPT;
				PRODUCT_NAME = "$(TARGET_NAME)";
				SWIFT_VERSION = 3.0;
			};
			name = Debug;
		};
		E247402C1F4C3A5A001DC93D /* Release */ = {
			isa = XCBuildConfiguration;
			baseConfigurationReference = E7E1724A211DA44BDEFD3C36 /* Pods-StayAPT.release.xcconfig */;
			buildSettings = {
				ASSETCATALOG_COMPILER_APPICON_NAME = AppIcon;
				INFOPLIST_FILE = StayAPT/Info.plist;
				IPHONEOS_DEPLOYMENT_TARGET = 9.3;
				LD_RUNPATH_SEARCH_PATHS = "$(inherited) @executable_path/Frameworks";
				PRODUCT_BUNDLE_IDENTIFIER = com.techximum.StayAPT;
				PRODUCT_NAME = "$(TARGET_NAME)";
				SWIFT_VERSION = 3.0;
			};
			name = Release;
		};
/* End XCBuildConfiguration section */

/* Begin XCConfigurationList section */
		E24740131F4C3A5A001DC93D /* Build configuration list for PBXProject "StayAPT" */ = {
			isa = XCConfigurationList;
			buildConfigurations = (
				E24740281F4C3A5A001DC93D /* Debug */,
				E24740291F4C3A5A001DC93D /* Release */,
			);
			defaultConfigurationIsVisible = 0;
			defaultConfigurationName = Release;
		};
		E247402A1F4C3A5A001DC93D /* Build configuration list for PBXNativeTarget "StayAPT" */ = {
			isa = XCConfigurationList;
			buildConfigurations = (
				E247402B1F4C3A5A001DC93D /* Debug */,
				E247402C1F4C3A5A001DC93D /* Release */,
			);
			defaultConfigurationIsVisible = 0;
			defaultConfigurationName = Release;
		};
/* End XCConfigurationList section */
	};
	rootObject = E24740101F4C3A5A001DC93D /* Project object */;
}
