// !$*UTF8*$!
{
	archiveVersion = 1;
	classes = {
	};
	objectVersion = 46;
	objects = {

/* Begin PBXBuildFile section */
		38ADD7FF43D5306125DED15C /* Pods_StayAPT.framework in Frameworks */ = {isa = PBXBuildFile; fileRef = 31D8EC998F615DE835E39539 /* Pods_StayAPT.framework */; };
		841CA2181F612F80004C95CF /* FitnessHomeViewController.swift in Sources */ = {isa = PBXBuildFile; fileRef = 841CA20B1F612F80004C95CF /* FitnessHomeViewController.swift */; };
		841CA2191F612F80004C95CF /* FitnessCenterLoginTableViewController.swift in Sources */ = {isa = PBXBuildFile; fileRef = 841CA20D1F612F80004C95CF /* FitnessCenterLoginTableViewController.swift */; };
		841CA24D1F613A7D004C95CF /* CheckedInMemberCollectionViewController.swift in Sources */ = {isa = PBXBuildFile; fileRef = 841CA23E1F613A7D004C95CF /* CheckedInMemberCollectionViewController.swift */; };
		841CA24E1F613A7D004C95CF /* CheckInMemberViewController.swift in Sources */ = {isa = PBXBuildFile; fileRef = 841CA23F1F613A7D004C95CF /* CheckInMemberViewController.swift */; };
		841CA24F1F613A7D004C95CF /* FitnessDashBoardTableViewController.swift in Sources */ = {isa = PBXBuildFile; fileRef = 841CA2401F613A7D004C95CF /* FitnessDashBoardTableViewController.swift */; };
		841CA2501F613A7D004C95CF /* MembershipDetailsTableViewController.swift in Sources */ = {isa = PBXBuildFile; fileRef = 841CA2421F613A7D004C95CF /* MembershipDetailsTableViewController.swift */; };
		841CA2511F613A7D004C95CF /* PersonalDetailTableViewController.swift in Sources */ = {isa = PBXBuildFile; fileRef = 841CA2431F613A7D004C95CF /* PersonalDetailTableViewController.swift */; };
		841CA2521F613A7D004C95CF /* StayAptTableViewController.swift in Sources */ = {isa = PBXBuildFile; fileRef = 841CA2441F613A7D004C95CF /* StayAptTableViewController.swift */; };
		841CA2531F613A7D004C95CF /* FitnessNotificationTableViewController.swift in Sources */ = {isa = PBXBuildFile; fileRef = 841CA2471F613A7D004C95CF /* FitnessNotificationTableViewController.swift */; };
		841CA2541F613A7D004C95CF /* VisitorsFormTableViewController.swift in Sources */ = {isa = PBXBuildFile; fileRef = 841CA24A1F613A7D004C95CF /* VisitorsFormTableViewController.swift */; };
		841CA2551F613A7D004C95CF /* VisitiorsListingTableViewController.swift in Sources */ = {isa = PBXBuildFile; fileRef = 841CA24C1F613A7D004C95CF /* VisitiorsListingTableViewController.swift */; };
		841CA2571F613AAA004C95CF /* CheckInTableViewController.swift in Sources */ = {isa = PBXBuildFile; fileRef = 841CA2561F613AAA004C95CF /* CheckInTableViewController.swift */; };
		841CA2591F613DCE004C95CF /* MembersListCollectionViewController.swift in Sources */ = {isa = PBXBuildFile; fileRef = 841CA2581F613DCE004C95CF /* MembersListCollectionViewController.swift */; };
		841CA25B1F613EF4004C95CF /* MembersListCollectionViewCell.swift in Sources */ = {isa = PBXBuildFile; fileRef = 841CA25A1F613EF4004C95CF /* MembersListCollectionViewCell.swift */; };
		841CA8141F66E82B004C95CF /* MemberButton.swift in Sources */ = {isa = PBXBuildFile; fileRef = 841CA8131F66E82B004C95CF /* MemberButton.swift */; };
		841CA8161F66E83B004C95CF /* FitnessCenterButton.swift in Sources */ = {isa = PBXBuildFile; fileRef = 841CA8151F66E83B004C95CF /* FitnessCenterButton.swift */; };
		841CA8181F67A89B004C95CF /* ReportTableViewController.swift in Sources */ = {isa = PBXBuildFile; fileRef = 841CA8171F67A89B004C95CF /* ReportTableViewController.swift */; };
		841CA81F1F681212004C95CF /* BaseLabel.swift in Sources */ = {isa = PBXBuildFile; fileRef = 841CA81C1F681212004C95CF /* BaseLabel.swift */; };
		841CA8201F681212004C95CF /* MediumLabel.swift in Sources */ = {isa = PBXBuildFile; fileRef = 841CA81D1F681212004C95CF /* MediumLabel.swift */; };
		841CA8211F681212004C95CF /* SmallLabel.swift in Sources */ = {isa = PBXBuildFile; fileRef = 841CA81E1F681212004C95CF /* SmallLabel.swift */; };
		841CA8281F68130E004C95CF /* AlertView+Helper.swift in Sources */ = {isa = PBXBuildFile; fileRef = 841CA8231F68130E004C95CF /* AlertView+Helper.swift */; };
		841CA8291F68130E004C95CF /* DeviceType+Helper.swift in Sources */ = {isa = PBXBuildFile; fileRef = 841CA8241F68130E004C95CF /* DeviceType+Helper.swift */; };
		841CA82A1F68130E004C95CF /* Extension+Helpers.swift in Sources */ = {isa = PBXBuildFile; fileRef = 841CA8251F68130E004C95CF /* Extension+Helpers.swift */; };
		841CA82B1F68130E004C95CF /* Loader.swift in Sources */ = {isa = PBXBuildFile; fileRef = 841CA8261F68130E004C95CF /* Loader.swift */; };
		841CA82C1F68130E004C95CF /* StayAptConstants.swift in Sources */ = {isa = PBXBuildFile; fileRef = 841CA8271F68130E004C95CF /* StayAptConstants.swift */; };
		841CA8301F6813BC004C95CF /* RegisterService+POST.swift in Sources */ = {isa = PBXBuildFile; fileRef = 841CA82F1F6813BC004C95CF /* RegisterService+POST.swift */; };
		841CA8321F6813C7004C95CF /* UserLoginService+POST.swift in Sources */ = {isa = PBXBuildFile; fileRef = 841CA8311F6813C7004C95CF /* UserLoginService+POST.swift */; };
		841CA8341F681519004C95CF /* LoginModel.swift in Sources */ = {isa = PBXBuildFile; fileRef = 841CA8331F681519004C95CF /* LoginModel.swift */; };
		841CA8361F6816E1004C95CF /* RegisterModel.swift in Sources */ = {isa = PBXBuildFile; fileRef = 841CA8351F6816E1004C95CF /* RegisterModel.swift */; };
		841CA8381F68493C004C95CF /* LoginModelResponse.swift in Sources */ = {isa = PBXBuildFile; fileRef = 841CA8371F68493C004C95CF /* LoginModelResponse.swift */; };
		841CA83A1F68FAD8004C95CF /* LocationServices+GET.swift in Sources */ = {isa = PBXBuildFile; fileRef = 841CA8391F68FAD8004C95CF /* LocationServices+GET.swift */; };
		841CA83C1F68FB61004C95CF /* LocationModel.swift in Sources */ = {isa = PBXBuildFile; fileRef = 841CA83B1F68FB61004C95CF /* LocationModel.swift */; };
		841CA83E1F68FD0A004C95CF /* LocationModelArray.swift in Sources */ = {isa = PBXBuildFile; fileRef = 841CA83D1F68FD0A004C95CF /* LocationModelArray.swift */; };
		841CA8421F690666004C95CF /* SuccessModel.swift in Sources */ = {isa = PBXBuildFile; fileRef = 841CA8411F690666004C95CF /* SuccessModel.swift */; };
		841CA8C01F6AB922004C95CF /* FCLoginService+POST.swift in Sources */ = {isa = PBXBuildFile; fileRef = 841CA8BF1F6AB922004C95CF /* FCLoginService+POST.swift */; };
		841CA8C21F6AB9A1004C95CF /* FCLoginResponse.swift in Sources */ = {isa = PBXBuildFile; fileRef = 841CA8C11F6AB9A1004C95CF /* FCLoginResponse.swift */; };
		841CA8C41F6ADF64004C95CF /* FCCheckInService+POST.swift in Sources */ = {isa = PBXBuildFile; fileRef = 841CA8C31F6ADF64004C95CF /* FCCheckInService+POST.swift */; };
		841CA8C61F6AE698004C95CF /* CheckInModel.swift in Sources */ = {isa = PBXBuildFile; fileRef = 841CA8C51F6AE698004C95CF /* CheckInModel.swift */; };
		841CA8C81F6AEE01004C95CF /* FCCheckoutService+POST.swift in Sources */ = {isa = PBXBuildFile; fileRef = 841CA8C71F6AEE01004C95CF /* FCCheckoutService+POST.swift */; };
		841CA8D01F6D38B5004C95CF /* LoginUtils.swift in Sources */ = {isa = PBXBuildFile; fileRef = 841CA8CF1F6D38B5004C95CF /* LoginUtils.swift */; };
		841CA8D21F6D42DA004C95CF /* DefaultKeys.swift in Sources */ = {isa = PBXBuildFile; fileRef = 841CA8D11F6D42DA004C95CF /* DefaultKeys.swift */; };
		844099311F5B1971005BAC61 /* FitnessBuddyTableViewController.swift in Sources */ = {isa = PBXBuildFile; fileRef = 844099301F5B1971005BAC61 /* FitnessBuddyTableViewController.swift */; };
		844099331F5B19AD005BAC61 /* FitnessBuddyTableViewCell.swift in Sources */ = {isa = PBXBuildFile; fileRef = 844099321F5B19AD005BAC61 /* FitnessBuddyTableViewCell.swift */; };
		84409B1C1F5D349B005BAC61 /* FitnessCenterService+GET.swift in Sources */ = {isa = PBXBuildFile; fileRef = 84409B1B1F5D349B005BAC61 /* FitnessCenterService+GET.swift */; };
		84409B1E1F5D3658005BAC61 /* FitnessCenterModel.swift in Sources */ = {isa = PBXBuildFile; fileRef = 84409B1D1F5D3658005BAC61 /* FitnessCenterModel.swift */; };
		84409B201F5D36CA005BAC61 /* FacilitiesModel.swift in Sources */ = {isa = PBXBuildFile; fileRef = 84409B1F1F5D36CA005BAC61 /* FacilitiesModel.swift */; };
		84409B221F5D3809005BAC61 /* FitnessCenterModelArray.swift in Sources */ = {isa = PBXBuildFile; fileRef = 84409B211F5D3809005BAC61 /* FitnessCenterModelArray.swift */; };
		84409B261F5D58D4005BAC61 /* ErrorModel.swift in Sources */ = {isa = PBXBuildFile; fileRef = 84409B251F5D58D4005BAC61 /* ErrorModel.swift */; };
		84409B2A1F5D6B5F005BAC61 /* FitnessCenterTableViewController.swift in Sources */ = {isa = PBXBuildFile; fileRef = 84409B281F5D6B5F005BAC61 /* FitnessCenterTableViewController.swift */; };
		84409B2B1F5D6B5F005BAC61 /* FitnessCenterViewController.swift in Sources */ = {isa = PBXBuildFile; fileRef = 84409B291F5D6B5F005BAC61 /* FitnessCenterViewController.swift */; };
		84409B2F1F5D6D20005BAC61 /* MenuTableViewController.swift in Sources */ = {isa = PBXBuildFile; fileRef = 84409B2D1F5D6D20005BAC61 /* MenuTableViewController.swift */; };
		84409B301F5D6D20005BAC61 /* MenuViewController.swift in Sources */ = {isa = PBXBuildFile; fileRef = 84409B2E1F5D6D20005BAC61 /* MenuViewController.swift */; };
		84409B341F5D6DFA005BAC61 /* BlogDetailTableViewController.swift in Sources */ = {isa = PBXBuildFile; fileRef = 84409B321F5D6DFA005BAC61 /* BlogDetailTableViewController.swift */; };
		84409B351F5D6DFA005BAC61 /* BlogsTableViewController.swift in Sources */ = {isa = PBXBuildFile; fileRef = 84409B331F5D6DFA005BAC61 /* BlogsTableViewController.swift */; };
		84409B381F5D6F2B005BAC61 /* DietPlanTableViewController.swift in Sources */ = {isa = PBXBuildFile; fileRef = 84409B371F5D6F2B005BAC61 /* DietPlanTableViewController.swift */; };
		84409B3B1F5D6FB4005BAC61 /* DietPlanViewController.swift in Sources */ = {isa = PBXBuildFile; fileRef = 84409B391F5D6FB4005BAC61 /* DietPlanViewController.swift */; };
		84409B3C1F5D6FB4005BAC61 /* DietViewController.swift in Sources */ = {isa = PBXBuildFile; fileRef = 84409B3A1F5D6FB4005BAC61 /* DietViewController.swift */; };
		84409B3F1F5D7041005BAC61 /* GalleryCollectionViewController.swift in Sources */ = {isa = PBXBuildFile; fileRef = 84409B3E1F5D7041005BAC61 /* GalleryCollectionViewController.swift */; };
		84409B481F5E700D005BAC61 /* ProfileViewController.swift in Sources */ = {isa = PBXBuildFile; fileRef = 84409B471F5E700D005BAC61 /* ProfileViewController.swift */; };
		84409B4B1F5EA634005BAC61 /* FitnessCenterDetailsViewController.swift in Sources */ = {isa = PBXBuildFile; fileRef = 84409B4A1F5EA634005BAC61 /* FitnessCenterDetailsViewController.swift */; };
		84409B521F5EC836005BAC61 /* cuyabra.otf in Resources */ = {isa = PBXBuildFile; fileRef = 84409B4F1F5EC836005BAC61 /* cuyabra.otf */; };
		84409B531F5EC836005BAC61 /* cuyabra_bold.otf in Resources */ = {isa = PBXBuildFile; fileRef = 84409B501F5EC836005BAC61 /* cuyabra_bold.otf */; };
		84409B541F5EC836005BAC61 /* Javacom.otf in Resources */ = {isa = PBXBuildFile; fileRef = 84409B511F5EC836005BAC61 /* Javacom.otf */; };
		84409B561F5FD605005BAC61 /* ManagerService.swift in Sources */ = {isa = PBXBuildFile; fileRef = 84409B551F5FD605005BAC61 /* ManagerService.swift */; };
		846250751F4EC3B400654E3D /* FitnessCenterDetailCollectionViewCell.swift in Sources */ = {isa = PBXBuildFile; fileRef = 846250741F4EC3B400654E3D /* FitnessCenterDetailCollectionViewCell.swift */; };
		84824A551F74EA21006F8C8C /* UIImageView+Helper.swift in Sources */ = {isa = PBXBuildFile; fileRef = 84824A541F74EA21006F8C8C /* UIImageView+Helper.swift */; };
		84A7B6611F6F8F9A00EC64D0 /* MembersDetailTableViewController.swift in Sources */ = {isa = PBXBuildFile; fileRef = 84A7B6601F6F8F9A00EC64D0 /* MembersDetailTableViewController.swift */; };
		84A7B6631F6FFC9900EC64D0 /* AddFitnessCenterService+POST.swift in Sources */ = {isa = PBXBuildFile; fileRef = 84A7B6621F6FFC9900EC64D0 /* AddFitnessCenterService+POST.swift */; };
		84A7B6651F7100E100EC64D0 /* BaseBoldLabel.swift in Sources */ = {isa = PBXBuildFile; fileRef = 84A7B6641F7100E100EC64D0 /* BaseBoldLabel.swift */; };
		84A7B6671F71012E00EC64D0 /* MediumBoldLabel.swift in Sources */ = {isa = PBXBuildFile; fileRef = 84A7B6661F71012E00EC64D0 /* MediumBoldLabel.swift */; };
		84A7B6691F71016200EC64D0 /* SmallBoldLabel.swift in Sources */ = {isa = PBXBuildFile; fileRef = 84A7B6681F71016200EC64D0 /* SmallBoldLabel.swift */; };
		84C4CF3D1F569AD9001DA94A /* DietTableViewCell.swift in Sources */ = {isa = PBXBuildFile; fileRef = 84C4CF3C1F569AD9001DA94A /* DietTableViewCell.swift */; };
		84C4CF431F56AFB8001DA94A /* BlackButton.swift in Sources */ = {isa = PBXBuildFile; fileRef = 84C4CF421F56AFB8001DA94A /* BlackButton.swift */; };
		84C4CF451F56D445001DA94A /* RedButton.swift in Sources */ = {isa = PBXBuildFile; fileRef = 84C4CF441F56D445001DA94A /* RedButton.swift */; };
		84C4CF491F56D78E001DA94A /* BlackTextField.swift in Sources */ = {isa = PBXBuildFile; fileRef = 84C4CF481F56D78E001DA94A /* BlackTextField.swift */; };
		84C4CF4B1F56EB52001DA94A /* EditProfileTableViewController.swift in Sources */ = {isa = PBXBuildFile; fileRef = 84C4CF4A1F56EB52001DA94A /* EditProfileTableViewController.swift */; };
		84C4CF4F1F57FBCF001DA94A /* DietPlanModel.swift in Sources */ = {isa = PBXBuildFile; fileRef = 84C4CF4E1F57FBCF001DA94A /* DietPlanModel.swift */; };
		84C4CF511F57FF35001DA94A /* DietPlanTableViewCell.swift in Sources */ = {isa = PBXBuildFile; fileRef = 84C4CF501F57FF35001DA94A /* DietPlanTableViewCell.swift */; };
		84C4CF531F5833FC001DA94A /* CircleButton.swift in Sources */ = {isa = PBXBuildFile; fileRef = 84C4CF521F5833FC001DA94A /* CircleButton.swift */; };
		84CBB5201F5597E3001C369F /* LoginTableViewController.swift in Sources */ = {isa = PBXBuildFile; fileRef = 84CBB51B1F5597E3001C369F /* LoginTableViewController.swift */; };
		84CBB5211F5597E3001C369F /* SettingsTableViewController.swift in Sources */ = {isa = PBXBuildFile; fileRef = 84CBB51D1F5597E3001C369F /* SettingsTableViewController.swift */; };
		84CBB5221F5597E3001C369F /* SignUpTableViewController.swift in Sources */ = {isa = PBXBuildFile; fileRef = 84CBB51F1F5597E3001C369F /* SignUpTableViewController.swift */; };
		84CBB52F1F559A90001C369F /* CheckedInMemberCollectionViewCell.swift in Sources */ = {isa = PBXBuildFile; fileRef = 84CBB5261F559A90001C369F /* CheckedInMemberCollectionViewCell.swift */; };
		84CBB5301F559A90001C369F /* FitnessInformationTableViewCell.swift in Sources */ = {isa = PBXBuildFile; fileRef = 84CBB5271F559A90001C369F /* FitnessInformationTableViewCell.swift */; };
		84CBB5311F559A90001C369F /* FitnessNotificationTableViewCell.swift in Sources */ = {isa = PBXBuildFile; fileRef = 84CBB5281F559A90001C369F /* FitnessNotificationTableViewCell.swift */; };
		84CBB5321F559A90001C369F /* VisitorsListingTableViewCell.swift in Sources */ = {isa = PBXBuildFile; fileRef = 84CBB5291F559A90001C369F /* VisitorsListingTableViewCell.swift */; };
		84CBB5331F559A90001C369F /* BlogsTableViewCell.swift in Sources */ = {isa = PBXBuildFile; fileRef = 84CBB52B1F559A90001C369F /* BlogsTableViewCell.swift */; };
		84CBB5341F559A90001C369F /* GalleryCollectionViewCell.swift in Sources */ = {isa = PBXBuildFile; fileRef = 84CBB52C1F559A90001C369F /* GalleryCollectionViewCell.swift */; };
		84CBB5351F559A90001C369F /* MenuListingTableViewCell.swift in Sources */ = {isa = PBXBuildFile; fileRef = 84CBB52D1F559A90001C369F /* MenuListingTableViewCell.swift */; };
		84CBB5361F559A90001C369F /* MenuTableViewCell.swift in Sources */ = {isa = PBXBuildFile; fileRef = 84CBB52E1F559A90001C369F /* MenuTableViewCell.swift */; };
		84CBB5391F55C07C001C369F /* BlogModel.swift in Sources */ = {isa = PBXBuildFile; fileRef = 84CBB5381F55C07C001C369F /* BlogModel.swift */; };
		84CBB53B1F55C1D9001C369F /* BlogModelArray.swift in Sources */ = {isa = PBXBuildFile; fileRef = 84CBB53A1F55C1D9001C369F /* BlogModelArray.swift */; };
		84CBB53D1F55C334001C369F /* BlogService+GET.swift in Sources */ = {isa = PBXBuildFile; fileRef = 84CBB53C1F55C334001C369F /* BlogService+GET.swift */; };
		84DDE46F1F4D934D00A2E244 /* AppDelegate.swift in Sources */ = {isa = PBXBuildFile; fileRef = 84DDE46E1F4D934D00A2E244 /* AppDelegate.swift */; };
		84DDE4751F4E0C4700A2E244 /* BaseViewController.swift in Sources */ = {isa = PBXBuildFile; fileRef = 84DDE4741F4E0C4700A2E244 /* BaseViewController.swift */; };
		84F92F941F4FF8610002074D /* HomeViewController.swift in Sources */ = {isa = PBXBuildFile; fileRef = 84F92F8A1F4FF8610002074D /* HomeViewController.swift */; };
		84F92F9A1F4FF8610002074D /* ViewController.swift in Sources */ = {isa = PBXBuildFile; fileRef = 84F92F901F4FF8610002074D /* ViewController.swift */; };
		84F92FA21F4FFD920002074D /* BaseButton.swift in Sources */ = {isa = PBXBuildFile; fileRef = 84F92F9C1F4FFD920002074D /* BaseButton.swift */; };
		84F92FA31F4FFD920002074D /* FacebookButon.swift in Sources */ = {isa = PBXBuildFile; fileRef = 84F92F9D1F4FFD920002074D /* FacebookButon.swift */; };
		84F92FA41F4FFD920002074D /* BaseTextField.swift in Sources */ = {isa = PBXBuildFile; fileRef = 84F92F9F1F4FFD920002074D /* BaseTextField.swift */; };
		84F92FA51F4FFD920002074D /* BaseView.swift in Sources */ = {isa = PBXBuildFile; fileRef = 84F92FA11F4FFD920002074D /* BaseView.swift */; };
		84F92FAE1F50329F0002074D /* SACheckedInMember.swift in Sources */ = {isa = PBXBuildFile; fileRef = 84F92FAD1F50329F0002074D /* SACheckedInMember.swift */; };
		84F92FC11F52F6E00002074D /* Fitness.storyboard in Resources */ = {isa = PBXBuildFile; fileRef = 84F92FBE1F52F6E00002074D /* Fitness.storyboard */; };
		84F92FC21F52F6E00002074D /* Main.storyboard in Resources */ = {isa = PBXBuildFile; fileRef = 84F92FC01F52F6E00002074D /* Main.storyboard */; };
		84F92FCF1F540DC20002074D /* StayAptEnums.swift in Sources */ = {isa = PBXBuildFile; fileRef = 84F92FCE1F540DC20002074D /* StayAptEnums.swift */; };
		84F92FDD1F542A3E0002074D /* NotificationModel.swift in Sources */ = {isa = PBXBuildFile; fileRef = 84F92FDC1F542A3E0002074D /* NotificationModel.swift */; };
		84F92FE51F55380D0002074D /* ClassModel.swift in Sources */ = {isa = PBXBuildFile; fileRef = 84F92FE41F55380D0002074D /* ClassModel.swift */; };
		84F92FE71F553A4C0002074D /* ClassService+GET.swift in Sources */ = {isa = PBXBuildFile; fileRef = 84F92FE61F553A4C0002074D /* ClassService+GET.swift */; };
		84F92FEB1F5561C00002074D /* ClassModelArray.swift in Sources */ = {isa = PBXBuildFile; fileRef = 84F92FEA1F5561C00002074D /* ClassModelArray.swift */; };
		E24740231F4C3A5A001DC93D /* Assets.xcassets in Resources */ = {isa = PBXBuildFile; fileRef = E24740221F4C3A5A001DC93D /* Assets.xcassets */; };
		E24740261F4C3A5A001DC93D /* LaunchScreen.storyboard in Resources */ = {isa = PBXBuildFile; fileRef = E24740241F4C3A5A001DC93D /* LaunchScreen.storyboard */; };
/* End PBXBuildFile section */

/* Begin PBXFileReference section */
		31D8EC998F615DE835E39539 /* Pods_StayAPT.framework */ = {isa = PBXFileReference; explicitFileType = wrapper.framework; includeInIndex = 0; path = Pods_StayAPT.framework; sourceTree = BUILT_PRODUCTS_DIR; };
		65E17ABEC52E49A16416692A /* Pods-StayAPT.debug.xcconfig */ = {isa = PBXFileReference; includeInIndex = 1; lastKnownFileType = text.xcconfig; name = "Pods-StayAPT.debug.xcconfig"; path = "Pods/Target Support Files/Pods-StayAPT/Pods-StayAPT.debug.xcconfig"; sourceTree = "<group>"; };
		841CA20B1F612F80004C95CF /* FitnessHomeViewController.swift */ = {isa = PBXFileReference; fileEncoding = 4; lastKnownFileType = sourcecode.swift; path = FitnessHomeViewController.swift; sourceTree = "<group>"; };
		841CA20D1F612F80004C95CF /* FitnessCenterLoginTableViewController.swift */ = {isa = PBXFileReference; fileEncoding = 4; lastKnownFileType = sourcecode.swift; path = FitnessCenterLoginTableViewController.swift; sourceTree = "<group>"; };
		841CA23E1F613A7D004C95CF /* CheckedInMemberCollectionViewController.swift */ = {isa = PBXFileReference; fileEncoding = 4; lastKnownFileType = sourcecode.swift; path = CheckedInMemberCollectionViewController.swift; sourceTree = "<group>"; };
		841CA23F1F613A7D004C95CF /* CheckInMemberViewController.swift */ = {isa = PBXFileReference; fileEncoding = 4; lastKnownFileType = sourcecode.swift; path = CheckInMemberViewController.swift; sourceTree = "<group>"; };
		841CA2401F613A7D004C95CF /* FitnessDashBoardTableViewController.swift */ = {isa = PBXFileReference; fileEncoding = 4; lastKnownFileType = sourcecode.swift; path = FitnessDashBoardTableViewController.swift; sourceTree = "<group>"; };
		841CA2421F613A7D004C95CF /* MembershipDetailsTableViewController.swift */ = {isa = PBXFileReference; fileEncoding = 4; lastKnownFileType = sourcecode.swift; path = MembershipDetailsTableViewController.swift; sourceTree = "<group>"; };
		841CA2431F613A7D004C95CF /* PersonalDetailTableViewController.swift */ = {isa = PBXFileReference; fileEncoding = 4; lastKnownFileType = sourcecode.swift; path = PersonalDetailTableViewController.swift; sourceTree = "<group>"; };
		841CA2441F613A7D004C95CF /* StayAptTableViewController.swift */ = {isa = PBXFileReference; fileEncoding = 4; lastKnownFileType = sourcecode.swift; path = StayAptTableViewController.swift; sourceTree = "<group>"; };
		841CA2471F613A7D004C95CF /* FitnessNotificationTableViewController.swift */ = {isa = PBXFileReference; fileEncoding = 4; lastKnownFileType = sourcecode.swift; path = FitnessNotificationTableViewController.swift; sourceTree = "<group>"; };
		841CA24A1F613A7D004C95CF /* VisitorsFormTableViewController.swift */ = {isa = PBXFileReference; fileEncoding = 4; lastKnownFileType = sourcecode.swift; path = VisitorsFormTableViewController.swift; sourceTree = "<group>"; };
		841CA24C1F613A7D004C95CF /* VisitiorsListingTableViewController.swift */ = {isa = PBXFileReference; fileEncoding = 4; lastKnownFileType = sourcecode.swift; path = VisitiorsListingTableViewController.swift; sourceTree = "<group>"; };
		841CA2561F613AAA004C95CF /* CheckInTableViewController.swift */ = {isa = PBXFileReference; fileEncoding = 4; lastKnownFileType = sourcecode.swift; path = CheckInTableViewController.swift; sourceTree = "<group>"; };
		841CA2581F613DCE004C95CF /* MembersListCollectionViewController.swift */ = {isa = PBXFileReference; fileEncoding = 4; lastKnownFileType = sourcecode.swift; path = MembersListCollectionViewController.swift; sourceTree = "<group>"; };
		841CA25A1F613EF4004C95CF /* MembersListCollectionViewCell.swift */ = {isa = PBXFileReference; fileEncoding = 4; lastKnownFileType = sourcecode.swift; path = MembersListCollectionViewCell.swift; sourceTree = "<group>"; };
		841CA8131F66E82B004C95CF /* MemberButton.swift */ = {isa = PBXFileReference; fileEncoding = 4; lastKnownFileType = sourcecode.swift; path = MemberButton.swift; sourceTree = "<group>"; };
		841CA8151F66E83B004C95CF /* FitnessCenterButton.swift */ = {isa = PBXFileReference; fileEncoding = 4; lastKnownFileType = sourcecode.swift; path = FitnessCenterButton.swift; sourceTree = "<group>"; };
		841CA8171F67A89B004C95CF /* ReportTableViewController.swift */ = {isa = PBXFileReference; fileEncoding = 4; lastKnownFileType = sourcecode.swift; path = ReportTableViewController.swift; sourceTree = "<group>"; };
		841CA81C1F681212004C95CF /* BaseLabel.swift */ = {isa = PBXFileReference; fileEncoding = 4; lastKnownFileType = sourcecode.swift; path = BaseLabel.swift; sourceTree = "<group>"; };
		841CA81D1F681212004C95CF /* MediumLabel.swift */ = {isa = PBXFileReference; fileEncoding = 4; lastKnownFileType = sourcecode.swift; path = MediumLabel.swift; sourceTree = "<group>"; };
		841CA81E1F681212004C95CF /* SmallLabel.swift */ = {isa = PBXFileReference; fileEncoding = 4; lastKnownFileType = sourcecode.swift; path = SmallLabel.swift; sourceTree = "<group>"; };
		841CA8231F68130E004C95CF /* AlertView+Helper.swift */ = {isa = PBXFileReference; fileEncoding = 4; lastKnownFileType = sourcecode.swift; path = "AlertView+Helper.swift"; sourceTree = "<group>"; };
		841CA8241F68130E004C95CF /* DeviceType+Helper.swift */ = {isa = PBXFileReference; fileEncoding = 4; lastKnownFileType = sourcecode.swift; path = "DeviceType+Helper.swift"; sourceTree = "<group>"; };
		841CA8251F68130E004C95CF /* Extension+Helpers.swift */ = {isa = PBXFileReference; fileEncoding = 4; lastKnownFileType = sourcecode.swift; path = "Extension+Helpers.swift"; sourceTree = "<group>"; };
		841CA8261F68130E004C95CF /* Loader.swift */ = {isa = PBXFileReference; fileEncoding = 4; lastKnownFileType = sourcecode.swift; path = Loader.swift; sourceTree = "<group>"; };
		841CA8271F68130E004C95CF /* StayAptConstants.swift */ = {isa = PBXFileReference; fileEncoding = 4; lastKnownFileType = sourcecode.swift; path = StayAptConstants.swift; sourceTree = "<group>"; };
		841CA82F1F6813BC004C95CF /* RegisterService+POST.swift */ = {isa = PBXFileReference; fileEncoding = 4; lastKnownFileType = sourcecode.swift; path = "RegisterService+POST.swift"; sourceTree = "<group>"; };
		841CA8311F6813C7004C95CF /* UserLoginService+POST.swift */ = {isa = PBXFileReference; fileEncoding = 4; lastKnownFileType = sourcecode.swift; path = "UserLoginService+POST.swift"; sourceTree = "<group>"; };
		841CA8331F681519004C95CF /* LoginModel.swift */ = {isa = PBXFileReference; fileEncoding = 4; lastKnownFileType = sourcecode.swift; path = LoginModel.swift; sourceTree = "<group>"; };
		841CA8351F6816E1004C95CF /* RegisterModel.swift */ = {isa = PBXFileReference; fileEncoding = 4; lastKnownFileType = sourcecode.swift; path = RegisterModel.swift; sourceTree = "<group>"; };
		841CA8371F68493C004C95CF /* LoginModelResponse.swift */ = {isa = PBXFileReference; fileEncoding = 4; lastKnownFileType = sourcecode.swift; path = LoginModelResponse.swift; sourceTree = "<group>"; };
		841CA8391F68FAD8004C95CF /* LocationServices+GET.swift */ = {isa = PBXFileReference; fileEncoding = 4; lastKnownFileType = sourcecode.swift; path = "LocationServices+GET.swift"; sourceTree = "<group>"; };
		841CA83B1F68FB61004C95CF /* LocationModel.swift */ = {isa = PBXFileReference; fileEncoding = 4; lastKnownFileType = sourcecode.swift; path = LocationModel.swift; sourceTree = "<group>"; };
		841CA83D1F68FD0A004C95CF /* LocationModelArray.swift */ = {isa = PBXFileReference; fileEncoding = 4; lastKnownFileType = sourcecode.swift; path = LocationModelArray.swift; sourceTree = "<group>"; };
		841CA8411F690666004C95CF /* SuccessModel.swift */ = {isa = PBXFileReference; fileEncoding = 4; lastKnownFileType = sourcecode.swift; path = SuccessModel.swift; sourceTree = "<group>"; };
		841CA8BF1F6AB922004C95CF /* FCLoginService+POST.swift */ = {isa = PBXFileReference; fileEncoding = 4; lastKnownFileType = sourcecode.swift; path = "FCLoginService+POST.swift"; sourceTree = "<group>"; };
		841CA8C11F6AB9A1004C95CF /* FCLoginResponse.swift */ = {isa = PBXFileReference; fileEncoding = 4; lastKnownFileType = sourcecode.swift; path = FCLoginResponse.swift; sourceTree = "<group>"; };
		841CA8C31F6ADF64004C95CF /* FCCheckInService+POST.swift */ = {isa = PBXFileReference; fileEncoding = 4; lastKnownFileType = sourcecode.swift; path = "FCCheckInService+POST.swift"; sourceTree = "<group>"; };
		841CA8C51F6AE698004C95CF /* CheckInModel.swift */ = {isa = PBXFileReference; fileEncoding = 4; lastKnownFileType = sourcecode.swift; path = CheckInModel.swift; sourceTree = "<group>"; };
		841CA8C71F6AEE01004C95CF /* FCCheckoutService+POST.swift */ = {isa = PBXFileReference; fileEncoding = 4; lastKnownFileType = sourcecode.swift; path = "FCCheckoutService+POST.swift"; sourceTree = "<group>"; };
		841CA8CF1F6D38B5004C95CF /* LoginUtils.swift */ = {isa = PBXFileReference; fileEncoding = 4; lastKnownFileType = sourcecode.swift; path = LoginUtils.swift; sourceTree = "<group>"; };
		841CA8D11F6D42DA004C95CF /* DefaultKeys.swift */ = {isa = PBXFileReference; fileEncoding = 4; lastKnownFileType = sourcecode.swift; path = DefaultKeys.swift; sourceTree = "<group>"; };
		844099301F5B1971005BAC61 /* FitnessBuddyTableViewController.swift */ = {isa = PBXFileReference; fileEncoding = 4; lastKnownFileType = sourcecode.swift; path = FitnessBuddyTableViewController.swift; sourceTree = "<group>"; };
		844099321F5B19AD005BAC61 /* FitnessBuddyTableViewCell.swift */ = {isa = PBXFileReference; fileEncoding = 4; lastKnownFileType = sourcecode.swift; path = FitnessBuddyTableViewCell.swift; sourceTree = "<group>"; };
		84409B1B1F5D349B005BAC61 /* FitnessCenterService+GET.swift */ = {isa = PBXFileReference; fileEncoding = 4; lastKnownFileType = sourcecode.swift; path = "FitnessCenterService+GET.swift"; sourceTree = "<group>"; };
		84409B1D1F5D3658005BAC61 /* FitnessCenterModel.swift */ = {isa = PBXFileReference; fileEncoding = 4; lastKnownFileType = sourcecode.swift; path = FitnessCenterModel.swift; sourceTree = "<group>"; };
		84409B1F1F5D36CA005BAC61 /* FacilitiesModel.swift */ = {isa = PBXFileReference; fileEncoding = 4; lastKnownFileType = sourcecode.swift; path = FacilitiesModel.swift; sourceTree = "<group>"; };
		84409B211F5D3809005BAC61 /* FitnessCenterModelArray.swift */ = {isa = PBXFileReference; fileEncoding = 4; lastKnownFileType = sourcecode.swift; path = FitnessCenterModelArray.swift; sourceTree = "<group>"; };
		84409B251F5D58D4005BAC61 /* ErrorModel.swift */ = {isa = PBXFileReference; fileEncoding = 4; lastKnownFileType = sourcecode.swift; path = ErrorModel.swift; sourceTree = "<group>"; };
		84409B281F5D6B5F005BAC61 /* FitnessCenterTableViewController.swift */ = {isa = PBXFileReference; fileEncoding = 4; lastKnownFileType = sourcecode.swift; path = FitnessCenterTableViewController.swift; sourceTree = "<group>"; };
		84409B291F5D6B5F005BAC61 /* FitnessCenterViewController.swift */ = {isa = PBXFileReference; fileEncoding = 4; lastKnownFileType = sourcecode.swift; path = FitnessCenterViewController.swift; sourceTree = "<group>"; };
		84409B2D1F5D6D20005BAC61 /* MenuTableViewController.swift */ = {isa = PBXFileReference; fileEncoding = 4; lastKnownFileType = sourcecode.swift; path = MenuTableViewController.swift; sourceTree = "<group>"; };
		84409B2E1F5D6D20005BAC61 /* MenuViewController.swift */ = {isa = PBXFileReference; fileEncoding = 4; lastKnownFileType = sourcecode.swift; path = MenuViewController.swift; sourceTree = "<group>"; };
		84409B321F5D6DFA005BAC61 /* BlogDetailTableViewController.swift */ = {isa = PBXFileReference; fileEncoding = 4; lastKnownFileType = sourcecode.swift; path = BlogDetailTableViewController.swift; sourceTree = "<group>"; };
		84409B331F5D6DFA005BAC61 /* BlogsTableViewController.swift */ = {isa = PBXFileReference; fileEncoding = 4; lastKnownFileType = sourcecode.swift; path = BlogsTableViewController.swift; sourceTree = "<group>"; };
		84409B371F5D6F2B005BAC61 /* DietPlanTableViewController.swift */ = {isa = PBXFileReference; fileEncoding = 4; lastKnownFileType = sourcecode.swift; path = DietPlanTableViewController.swift; sourceTree = "<group>"; };
		84409B391F5D6FB4005BAC61 /* DietPlanViewController.swift */ = {isa = PBXFileReference; fileEncoding = 4; lastKnownFileType = sourcecode.swift; path = DietPlanViewController.swift; sourceTree = "<group>"; };
		84409B3A1F5D6FB4005BAC61 /* DietViewController.swift */ = {isa = PBXFileReference; fileEncoding = 4; lastKnownFileType = sourcecode.swift; path = DietViewController.swift; sourceTree = "<group>"; };
		84409B3E1F5D7041005BAC61 /* GalleryCollectionViewController.swift */ = {isa = PBXFileReference; fileEncoding = 4; lastKnownFileType = sourcecode.swift; path = GalleryCollectionViewController.swift; sourceTree = "<group>"; };
		84409B471F5E700D005BAC61 /* ProfileViewController.swift */ = {isa = PBXFileReference; fileEncoding = 4; lastKnownFileType = sourcecode.swift; path = ProfileViewController.swift; sourceTree = "<group>"; };
		84409B4A1F5EA634005BAC61 /* FitnessCenterDetailsViewController.swift */ = {isa = PBXFileReference; fileEncoding = 4; lastKnownFileType = sourcecode.swift; path = FitnessCenterDetailsViewController.swift; sourceTree = "<group>"; };
		84409B4F1F5EC836005BAC61 /* cuyabra.otf */ = {isa = PBXFileReference; lastKnownFileType = file; path = cuyabra.otf; sourceTree = "<group>"; };
		84409B501F5EC836005BAC61 /* cuyabra_bold.otf */ = {isa = PBXFileReference; lastKnownFileType = file; path = cuyabra_bold.otf; sourceTree = "<group>"; };
		84409B511F5EC836005BAC61 /* Javacom.otf */ = {isa = PBXFileReference; lastKnownFileType = file; path = Javacom.otf; sourceTree = "<group>"; };
		84409B551F5FD605005BAC61 /* ManagerService.swift */ = {isa = PBXFileReference; fileEncoding = 4; lastKnownFileType = sourcecode.swift; path = ManagerService.swift; sourceTree = "<group>"; };
		846250741F4EC3B400654E3D /* FitnessCenterDetailCollectionViewCell.swift */ = {isa = PBXFileReference; fileEncoding = 4; lastKnownFileType = sourcecode.swift; path = FitnessCenterDetailCollectionViewCell.swift; sourceTree = "<group>"; };
		84824A541F74EA21006F8C8C /* UIImageView+Helper.swift */ = {isa = PBXFileReference; fileEncoding = 4; lastKnownFileType = sourcecode.swift; path = "UIImageView+Helper.swift"; sourceTree = "<group>"; };
		84A7B6601F6F8F9A00EC64D0 /* MembersDetailTableViewController.swift */ = {isa = PBXFileReference; fileEncoding = 4; lastKnownFileType = sourcecode.swift; path = MembersDetailTableViewController.swift; sourceTree = "<group>"; };
		84A7B6621F6FFC9900EC64D0 /* AddFitnessCenterService+POST.swift */ = {isa = PBXFileReference; fileEncoding = 4; lastKnownFileType = sourcecode.swift; path = "AddFitnessCenterService+POST.swift"; sourceTree = "<group>"; };
		84A7B6641F7100E100EC64D0 /* BaseBoldLabel.swift */ = {isa = PBXFileReference; fileEncoding = 4; lastKnownFileType = sourcecode.swift; path = BaseBoldLabel.swift; sourceTree = "<group>"; };
		84A7B6661F71012E00EC64D0 /* MediumBoldLabel.swift */ = {isa = PBXFileReference; fileEncoding = 4; lastKnownFileType = sourcecode.swift; path = MediumBoldLabel.swift; sourceTree = "<group>"; };
		84A7B6681F71016200EC64D0 /* SmallBoldLabel.swift */ = {isa = PBXFileReference; fileEncoding = 4; lastKnownFileType = sourcecode.swift; path = SmallBoldLabel.swift; sourceTree = "<group>"; };
		84C4CF3C1F569AD9001DA94A /* DietTableViewCell.swift */ = {isa = PBXFileReference; fileEncoding = 4; lastKnownFileType = sourcecode.swift; path = DietTableViewCell.swift; sourceTree = "<group>"; };
		84C4CF421F56AFB8001DA94A /* BlackButton.swift */ = {isa = PBXFileReference; fileEncoding = 4; lastKnownFileType = sourcecode.swift; path = BlackButton.swift; sourceTree = "<group>"; };
		84C4CF441F56D445001DA94A /* RedButton.swift */ = {isa = PBXFileReference; fileEncoding = 4; lastKnownFileType = sourcecode.swift; path = RedButton.swift; sourceTree = "<group>"; };
		84C4CF481F56D78E001DA94A /* BlackTextField.swift */ = {isa = PBXFileReference; fileEncoding = 4; lastKnownFileType = sourcecode.swift; path = BlackTextField.swift; sourceTree = "<group>"; };
		84C4CF4A1F56EB52001DA94A /* EditProfileTableViewController.swift */ = {isa = PBXFileReference; fileEncoding = 4; lastKnownFileType = sourcecode.swift; path = EditProfileTableViewController.swift; sourceTree = "<group>"; };
		84C4CF4E1F57FBCF001DA94A /* DietPlanModel.swift */ = {isa = PBXFileReference; fileEncoding = 4; lastKnownFileType = sourcecode.swift; path = DietPlanModel.swift; sourceTree = "<group>"; };
		84C4CF501F57FF35001DA94A /* DietPlanTableViewCell.swift */ = {isa = PBXFileReference; fileEncoding = 4; lastKnownFileType = sourcecode.swift; path = DietPlanTableViewCell.swift; sourceTree = "<group>"; };
		84C4CF521F5833FC001DA94A /* CircleButton.swift */ = {isa = PBXFileReference; fileEncoding = 4; lastKnownFileType = sourcecode.swift; path = CircleButton.swift; sourceTree = "<group>"; };
		84CBB51B1F5597E3001C369F /* LoginTableViewController.swift */ = {isa = PBXFileReference; fileEncoding = 4; lastKnownFileType = sourcecode.swift; path = LoginTableViewController.swift; sourceTree = "<group>"; };
		84CBB51D1F5597E3001C369F /* SettingsTableViewController.swift */ = {isa = PBXFileReference; fileEncoding = 4; lastKnownFileType = sourcecode.swift; path = SettingsTableViewController.swift; sourceTree = "<group>"; };
		84CBB51F1F5597E3001C369F /* SignUpTableViewController.swift */ = {isa = PBXFileReference; fileEncoding = 4; lastKnownFileType = sourcecode.swift; path = SignUpTableViewController.swift; sourceTree = "<group>"; };
		84CBB5261F559A90001C369F /* CheckedInMemberCollectionViewCell.swift */ = {isa = PBXFileReference; fileEncoding = 4; lastKnownFileType = sourcecode.swift; path = CheckedInMemberCollectionViewCell.swift; sourceTree = "<group>"; };
		84CBB5271F559A90001C369F /* FitnessInformationTableViewCell.swift */ = {isa = PBXFileReference; fileEncoding = 4; lastKnownFileType = sourcecode.swift; path = FitnessInformationTableViewCell.swift; sourceTree = "<group>"; };
		84CBB5281F559A90001C369F /* FitnessNotificationTableViewCell.swift */ = {isa = PBXFileReference; fileEncoding = 4; lastKnownFileType = sourcecode.swift; path = FitnessNotificationTableViewCell.swift; sourceTree = "<group>"; };
		84CBB5291F559A90001C369F /* VisitorsListingTableViewCell.swift */ = {isa = PBXFileReference; fileEncoding = 4; lastKnownFileType = sourcecode.swift; path = VisitorsListingTableViewCell.swift; sourceTree = "<group>"; };
		84CBB52B1F559A90001C369F /* BlogsTableViewCell.swift */ = {isa = PBXFileReference; fileEncoding = 4; lastKnownFileType = sourcecode.swift; path = BlogsTableViewCell.swift; sourceTree = "<group>"; };
		84CBB52C1F559A90001C369F /* GalleryCollectionViewCell.swift */ = {isa = PBXFileReference; fileEncoding = 4; lastKnownFileType = sourcecode.swift; path = GalleryCollectionViewCell.swift; sourceTree = "<group>"; };
		84CBB52D1F559A90001C369F /* MenuListingTableViewCell.swift */ = {isa = PBXFileReference; fileEncoding = 4; lastKnownFileType = sourcecode.swift; path = MenuListingTableViewCell.swift; sourceTree = "<group>"; };
		84CBB52E1F559A90001C369F /* MenuTableViewCell.swift */ = {isa = PBXFileReference; fileEncoding = 4; lastKnownFileType = sourcecode.swift; path = MenuTableViewCell.swift; sourceTree = "<group>"; };
		84CBB5381F55C07C001C369F /* BlogModel.swift */ = {isa = PBXFileReference; fileEncoding = 4; lastKnownFileType = sourcecode.swift; path = BlogModel.swift; sourceTree = "<group>"; };
		84CBB53A1F55C1D9001C369F /* BlogModelArray.swift */ = {isa = PBXFileReference; fileEncoding = 4; lastKnownFileType = sourcecode.swift; path = BlogModelArray.swift; sourceTree = "<group>"; };
		84CBB53C1F55C334001C369F /* BlogService+GET.swift */ = {isa = PBXFileReference; fileEncoding = 4; lastKnownFileType = sourcecode.swift; path = "BlogService+GET.swift"; sourceTree = "<group>"; };
		84DDE46E1F4D934D00A2E244 /* AppDelegate.swift */ = {isa = PBXFileReference; fileEncoding = 4; lastKnownFileType = sourcecode.swift; path = AppDelegate.swift; sourceTree = "<group>"; };
		84DDE4741F4E0C4700A2E244 /* BaseViewController.swift */ = {isa = PBXFileReference; fileEncoding = 4; lastKnownFileType = sourcecode.swift; path = BaseViewController.swift; sourceTree = "<group>"; };
		84F92F8A1F4FF8610002074D /* HomeViewController.swift */ = {isa = PBXFileReference; fileEncoding = 4; lastKnownFileType = sourcecode.swift; path = HomeViewController.swift; sourceTree = "<group>"; };
		84F92F901F4FF8610002074D /* ViewController.swift */ = {isa = PBXFileReference; fileEncoding = 4; lastKnownFileType = sourcecode.swift; path = ViewController.swift; sourceTree = "<group>"; };
		84F92F9C1F4FFD920002074D /* BaseButton.swift */ = {isa = PBXFileReference; fileEncoding = 4; lastKnownFileType = sourcecode.swift; path = BaseButton.swift; sourceTree = "<group>"; };
		84F92F9D1F4FFD920002074D /* FacebookButon.swift */ = {isa = PBXFileReference; fileEncoding = 4; lastKnownFileType = sourcecode.swift; path = FacebookButon.swift; sourceTree = "<group>"; };
		84F92F9F1F4FFD920002074D /* BaseTextField.swift */ = {isa = PBXFileReference; fileEncoding = 4; lastKnownFileType = sourcecode.swift; path = BaseTextField.swift; sourceTree = "<group>"; };
		84F92FA11F4FFD920002074D /* BaseView.swift */ = {isa = PBXFileReference; fileEncoding = 4; lastKnownFileType = sourcecode.swift; path = BaseView.swift; sourceTree = "<group>"; };
		84F92FAD1F50329F0002074D /* SACheckedInMember.swift */ = {isa = PBXFileReference; fileEncoding = 4; lastKnownFileType = sourcecode.swift; path = SACheckedInMember.swift; sourceTree = "<group>"; };
		84F92FBE1F52F6E00002074D /* Fitness.storyboard */ = {isa = PBXFileReference; fileEncoding = 4; lastKnownFileType = file.storyboard; path = Fitness.storyboard; sourceTree = "<group>"; };
		84F92FC01F52F6E00002074D /* Main.storyboard */ = {isa = PBXFileReference; fileEncoding = 4; lastKnownFileType = file.storyboard; path = Main.storyboard; sourceTree = "<group>"; };
		84F92FCE1F540DC20002074D /* StayAptEnums.swift */ = {isa = PBXFileReference; fileEncoding = 4; lastKnownFileType = sourcecode.swift; path = StayAptEnums.swift; sourceTree = "<group>"; };
		84F92FDC1F542A3E0002074D /* NotificationModel.swift */ = {isa = PBXFileReference; fileEncoding = 4; lastKnownFileType = sourcecode.swift; path = NotificationModel.swift; sourceTree = "<group>"; };
		84F92FE41F55380D0002074D /* ClassModel.swift */ = {isa = PBXFileReference; fileEncoding = 4; lastKnownFileType = sourcecode.swift; path = ClassModel.swift; sourceTree = "<group>"; };
		84F92FE61F553A4C0002074D /* ClassService+GET.swift */ = {isa = PBXFileReference; fileEncoding = 4; lastKnownFileType = sourcecode.swift; path = "ClassService+GET.swift"; sourceTree = "<group>"; };
		84F92FEA1F5561C00002074D /* ClassModelArray.swift */ = {isa = PBXFileReference; fileEncoding = 4; lastKnownFileType = sourcecode.swift; path = ClassModelArray.swift; sourceTree = "<group>"; };
		E24740181F4C3A5A001DC93D /* StayAPT.app */ = {isa = PBXFileReference; explicitFileType = wrapper.application; includeInIndex = 0; path = StayAPT.app; sourceTree = BUILT_PRODUCTS_DIR; };
		E24740221F4C3A5A001DC93D /* Assets.xcassets */ = {isa = PBXFileReference; lastKnownFileType = folder.assetcatalog; path = Assets.xcassets; sourceTree = "<group>"; };
		E24740251F4C3A5A001DC93D /* Base */ = {isa = PBXFileReference; lastKnownFileType = file.storyboard; name = Base; path = Base.lproj/LaunchScreen.storyboard; sourceTree = "<group>"; };
		E24740271F4C3A5A001DC93D /* Info.plist */ = {isa = PBXFileReference; lastKnownFileType = text.plist.xml; path = Info.plist; sourceTree = "<group>"; };
		E7E1724A211DA44BDEFD3C36 /* Pods-StayAPT.release.xcconfig */ = {isa = PBXFileReference; includeInIndex = 1; lastKnownFileType = text.xcconfig; name = "Pods-StayAPT.release.xcconfig"; path = "Pods/Target Support Files/Pods-StayAPT/Pods-StayAPT.release.xcconfig"; sourceTree = "<group>"; };
/* End PBXFileReference section */

/* Begin PBXFrameworksBuildPhase section */
		E24740151F4C3A5A001DC93D /* Frameworks */ = {
			isa = PBXFrameworksBuildPhase;
			buildActionMask = 2147483647;
			files = (
				38ADD7FF43D5306125DED15C /* Pods_StayAPT.framework in Frameworks */,
			);
			runOnlyForDeploymentPostprocessing = 0;
		};
/* End PBXFrameworksBuildPhase section */

/* Begin PBXGroup section */
		3FD37BCB607263194687054A /* Pods */ = {
			isa = PBXGroup;
			children = (
				65E17ABEC52E49A16416692A /* Pods-StayAPT.debug.xcconfig */,
				E7E1724A211DA44BDEFD3C36 /* Pods-StayAPT.release.xcconfig */,
			);
			name = Pods;
			sourceTree = "<group>";
		};
		55F92A1D63A273701F0FA54E /* Frameworks */ = {
			isa = PBXGroup;
			children = (
				31D8EC998F615DE835E39539 /* Pods_StayAPT.framework */,
			);
			name = Frameworks;
			sourceTree = "<group>";
		};
		841CA20A1F612F80004C95CF /* Home */ = {
			isa = PBXGroup;
			children = (
				841CA20B1F612F80004C95CF /* FitnessHomeViewController.swift */,
				841CA23C1F613A7D004C95CF /* Dashboard */,
				841CA2311F613313004C95CF /* CheckIn */,
			);
			path = Home;
			sourceTree = "<group>";
		};
		841CA20C1F612F80004C95CF /* Login */ = {
			isa = PBXGroup;
			children = (
				841CA20D1F612F80004C95CF /* FitnessCenterLoginTableViewController.swift */,
			);
			path = Login;
			sourceTree = "<group>";
		};
		841CA2311F613313004C95CF /* CheckIn */ = {
			isa = PBXGroup;
			children = (
				841CA2561F613AAA004C95CF /* CheckInTableViewController.swift */,
			);
			path = CheckIn;
			sourceTree = "<group>";
		};
		841CA23C1F613A7D004C95CF /* Dashboard */ = {
			isa = PBXGroup;
			children = (
				841CA2401F613A7D004C95CF /* FitnessDashBoardTableViewController.swift */,
				841CA23D1F613A7D004C95CF /* CheckInMembers */,
				841CA2411F613A7D004C95CF /* Member Form */,
				841CA2451F613A7D004C95CF /* Members */,
				841CA2461F613A7D004C95CF /* Notification */,
				841CA2481F613A7D004C95CF /* Report */,
				841CA2491F613A7D004C95CF /* Visitors Form */,
				841CA24B1F613A7D004C95CF /* Visitors List */,
			);
			path = Dashboard;
			sourceTree = "<group>";
		};
		841CA23D1F613A7D004C95CF /* CheckInMembers */ = {
			isa = PBXGroup;
			children = (
				841CA23E1F613A7D004C95CF /* CheckedInMemberCollectionViewController.swift */,
				841CA23F1F613A7D004C95CF /* CheckInMemberViewController.swift */,
			);
			path = CheckInMembers;
			sourceTree = "<group>";
		};
		841CA2411F613A7D004C95CF /* Member Form */ = {
			isa = PBXGroup;
			children = (
				841CA2421F613A7D004C95CF /* MembershipDetailsTableViewController.swift */,
				841CA2431F613A7D004C95CF /* PersonalDetailTableViewController.swift */,
				841CA2441F613A7D004C95CF /* StayAptTableViewController.swift */,
			);
			path = "Member Form";
			sourceTree = "<group>";
		};
		841CA2451F613A7D004C95CF /* Members */ = {
			isa = PBXGroup;
			children = (
				841CA2581F613DCE004C95CF /* MembersListCollectionViewController.swift */,
				84A7B6601F6F8F9A00EC64D0 /* MembersDetailTableViewController.swift */,
			);
			path = Members;
			sourceTree = "<group>";
		};
		841CA2461F613A7D004C95CF /* Notification */ = {
			isa = PBXGroup;
			children = (
				841CA2471F613A7D004C95CF /* FitnessNotificationTableViewController.swift */,
			);
			path = Notification;
			sourceTree = "<group>";
		};
		841CA2481F613A7D004C95CF /* Report */ = {
			isa = PBXGroup;
			children = (
				841CA8171F67A89B004C95CF /* ReportTableViewController.swift */,
			);
			path = Report;
			sourceTree = "<group>";
		};
		841CA2491F613A7D004C95CF /* Visitors Form */ = {
			isa = PBXGroup;
			children = (
				841CA24A1F613A7D004C95CF /* VisitorsFormTableViewController.swift */,
			);
			path = "Visitors Form";
			sourceTree = "<group>";
		};
		841CA24B1F613A7D004C95CF /* Visitors List */ = {
			isa = PBXGroup;
			children = (
				841CA24C1F613A7D004C95CF /* VisitiorsListingTableViewController.swift */,
			);
			path = "Visitors List";
			sourceTree = "<group>";
		};
		841CA81B1F681212004C95CF /* Labels */ = {
			isa = PBXGroup;
			children = (
				841CA81C1F681212004C95CF /* BaseLabel.swift */,
				841CA81D1F681212004C95CF /* MediumLabel.swift */,
				841CA81E1F681212004C95CF /* SmallLabel.swift */,
				84A7B6641F7100E100EC64D0 /* BaseBoldLabel.swift */,
				84A7B6661F71012E00EC64D0 /* MediumBoldLabel.swift */,
				84A7B6681F71016200EC64D0 /* SmallBoldLabel.swift */,
			);
			path = Labels;
			sourceTree = "<group>";
		};
		841CA8221F68130E004C95CF /* Extensions */ = {
			isa = PBXGroup;
			children = (
				841CA8231F68130E004C95CF /* AlertView+Helper.swift */,
				841CA8241F68130E004C95CF /* DeviceType+Helper.swift */,
				841CA8251F68130E004C95CF /* Extension+Helpers.swift */,
				841CA8261F68130E004C95CF /* Loader.swift */,
				841CA8271F68130E004C95CF /* StayAptConstants.swift */,
				841CA8CF1F6D38B5004C95CF /* LoginUtils.swift */,
				841CA8D11F6D42DA004C95CF /* DefaultKeys.swift */,
				84824A541F74EA21006F8C8C /* UIImageView+Helper.swift */,
			);
			path = Extensions;
			sourceTree = "<group>";
		};
		84409B271F5D6B5F005BAC61 /* FitnessCenter */ = {
			isa = PBXGroup;
			children = (
				84409B281F5D6B5F005BAC61 /* FitnessCenterTableViewController.swift */,
				84409B291F5D6B5F005BAC61 /* FitnessCenterViewController.swift */,
				84409B4A1F5EA634005BAC61 /* FitnessCenterDetailsViewController.swift */,
			);
			path = FitnessCenter;
			sourceTree = "<group>";
		};
		84409B2C1F5D6D20005BAC61 /* Classes */ = {
			isa = PBXGroup;
			children = (
				84409B2D1F5D6D20005BAC61 /* MenuTableViewController.swift */,
				84409B2E1F5D6D20005BAC61 /* MenuViewController.swift */,
			);
			path = Classes;
			sourceTree = "<group>";
		};
		84409B311F5D6DFA005BAC61 /* Blog */ = {
			isa = PBXGroup;
			children = (
				84409B321F5D6DFA005BAC61 /* BlogDetailTableViewController.swift */,
				84409B331F5D6DFA005BAC61 /* BlogsTableViewController.swift */,
			);
			path = Blog;
			sourceTree = "<group>";
		};
		84409B361F5D6F2B005BAC61 /* Diet */ = {
			isa = PBXGroup;
			children = (
				84409B391F5D6FB4005BAC61 /* DietPlanViewController.swift */,
				84409B3A1F5D6FB4005BAC61 /* DietViewController.swift */,
				84409B371F5D6F2B005BAC61 /* DietPlanTableViewController.swift */,
			);
			path = Diet;
			sourceTree = "<group>";
		};
		84409B3D1F5D7041005BAC61 /* Gallery */ = {
			isa = PBXGroup;
			children = (
				84409B3E1F5D7041005BAC61 /* GalleryCollectionViewController.swift */,
			);
			path = Gallery;
			sourceTree = "<group>";
		};
		84409B461F5E700D005BAC61 /* Profile */ = {
			isa = PBXGroup;
			children = (
				84409B471F5E700D005BAC61 /* ProfileViewController.swift */,
			);
			path = Profile;
			sourceTree = "<group>";
		};
		84409B4E1F5EC836005BAC61 /* Fonts */ = {
			isa = PBXGroup;
			children = (
				84409B4F1F5EC836005BAC61 /* cuyabra.otf */,
				84409B501F5EC836005BAC61 /* cuyabra_bold.otf */,
				84409B511F5EC836005BAC61 /* Javacom.otf */,
			);
			path = Fonts;
			sourceTree = "<group>";
		};
		84CBB50D1F559769001C369F /* Menu */ = {
			isa = PBXGroup;
			children = (
				84409B3D1F5D7041005BAC61 /* Gallery */,
				84409B361F5D6F2B005BAC61 /* Diet */,
				84409B311F5D6DFA005BAC61 /* Blog */,
				84409B2C1F5D6D20005BAC61 /* Classes */,
				84409B271F5D6B5F005BAC61 /* FitnessCenter */,
				844099301F5B1971005BAC61 /* FitnessBuddyTableViewController.swift */,
			);
			path = Menu;
			sourceTree = "<group>";
		};
		84CBB51A1F5597E3001C369F /* Login */ = {
			isa = PBXGroup;
			children = (
				84CBB51B1F5597E3001C369F /* LoginTableViewController.swift */,
			);
			path = Login;
			sourceTree = "<group>";
		};
		84CBB51C1F5597E3001C369F /* Settings */ = {
			isa = PBXGroup;
			children = (
				84CBB51D1F5597E3001C369F /* SettingsTableViewController.swift */,
			);
			path = Settings;
			sourceTree = "<group>";
		};
		84CBB51E1F5597E3001C369F /* SignUp */ = {
			isa = PBXGroup;
			children = (
				84CBB51F1F5597E3001C369F /* SignUpTableViewController.swift */,
			);
			path = SignUp;
			sourceTree = "<group>";
		};
		84CBB5251F559A90001C369F /* FitnessView */ = {
			isa = PBXGroup;
			children = (
				84CBB5261F559A90001C369F /* CheckedInMemberCollectionViewCell.swift */,
				84CBB5271F559A90001C369F /* FitnessInformationTableViewCell.swift */,
				84CBB5281F559A90001C369F /* FitnessNotificationTableViewCell.swift */,
				84CBB5291F559A90001C369F /* VisitorsListingTableViewCell.swift */,
				841CA25A1F613EF4004C95CF /* MembersListCollectionViewCell.swift */,
			);
			path = FitnessView;
			sourceTree = "<group>";
		};
		84CBB52A1F559A90001C369F /* MemberView */ = {
			isa = PBXGroup;
			children = (
				84CBB52B1F559A90001C369F /* BlogsTableViewCell.swift */,
				84CBB52C1F559A90001C369F /* GalleryCollectionViewCell.swift */,
				84CBB52D1F559A90001C369F /* MenuListingTableViewCell.swift */,
				84CBB52E1F559A90001C369F /* MenuTableViewCell.swift */,
				84C4CF3C1F569AD9001DA94A /* DietTableViewCell.swift */,
				84C4CF501F57FF35001DA94A /* DietPlanTableViewCell.swift */,
				844099321F5B19AD005BAC61 /* FitnessBuddyTableViewCell.swift */,
			);
			path = MemberView;
			sourceTree = "<group>";
		};
		84DDE4631F4D8E2A00A2E244 /* Controllers */ = {
			isa = PBXGroup;
			children = (
				84F92F851F4FF8610002074D /* FitnessCenter */,
				84F92F881F4FF8610002074D /* Member */,
			);
			path = Controllers;
			sourceTree = "<group>";
		};
		84DDE4681F4D8EC000A2E244 /* Helpers */ = {
			isa = PBXGroup;
			children = (
				841CA8221F68130E004C95CF /* Extensions */,
				841CA81B1F681212004C95CF /* Labels */,
				84F92FCD1F540DC20002074D /* Enums */,
				84F92F9B1F4FFD920002074D /* Buttons */,
				84F92F9E1F4FFD920002074D /* TextFields */,
				84F92FA01F4FFD920002074D /* View */,
			);
			path = Helpers;
			sourceTree = "<group>";
		};
		84DDE4691F4D8EC000A2E244 /* Services */ = {
			isa = PBXGroup;
			children = (
				84409B551F5FD605005BAC61 /* ManagerService.swift */,
				84F92FE61F553A4C0002074D /* ClassService+GET.swift */,
				84CBB53C1F55C334001C369F /* BlogService+GET.swift */,
				84409B1B1F5D349B005BAC61 /* FitnessCenterService+GET.swift */,
				841CA82F1F6813BC004C95CF /* RegisterService+POST.swift */,
				841CA8311F6813C7004C95CF /* UserLoginService+POST.swift */,
				841CA8391F68FAD8004C95CF /* LocationServices+GET.swift */,
				841CA8BF1F6AB922004C95CF /* FCLoginService+POST.swift */,
				841CA8C31F6ADF64004C95CF /* FCCheckInService+POST.swift */,
				841CA8C71F6AEE01004C95CF /* FCCheckoutService+POST.swift */,
				84A7B6621F6FFC9900EC64D0 /* AddFitnessCenterService+POST.swift */,
			);
			path = Services;
			sourceTree = "<group>";
		};
		84DDE46A1F4D8EC000A2E244 /* Views */ = {
			isa = PBXGroup;
			children = (
				84CBB5251F559A90001C369F /* FitnessView */,
				84CBB52A1F559A90001C369F /* MemberView */,
				846250741F4EC3B400654E3D /* FitnessCenterDetailCollectionViewCell.swift */,
			);
			path = Views;
			sourceTree = "<group>";
		};
		84DDE46D1F4D933900A2E244 /* AppDelegate */ = {
			isa = PBXGroup;
			children = (
				84DDE46E1F4D934D00A2E244 /* AppDelegate.swift */,
			);
			path = AppDelegate;
			sourceTree = "<group>";
		};
		84F92F851F4FF8610002074D /* FitnessCenter */ = {
			isa = PBXGroup;
			children = (
				841CA20A1F612F80004C95CF /* Home */,
				841CA20C1F612F80004C95CF /* Login */,
			);
			path = FitnessCenter;
			sourceTree = "<group>";
		};
		84F92F881F4FF8610002074D /* Member */ = {
			isa = PBXGroup;
			children = (
				84409B461F5E700D005BAC61 /* Profile */,
				84CBB51A1F5597E3001C369F /* Login */,
				84CBB51C1F5597E3001C369F /* Settings */,
				84CBB51E1F5597E3001C369F /* SignUp */,
				84CBB50D1F559769001C369F /* Menu */,
				84F92F8A1F4FF8610002074D /* HomeViewController.swift */,
				84F92F901F4FF8610002074D /* ViewController.swift */,
				84C4CF4A1F56EB52001DA94A /* EditProfileTableViewController.swift */,
			);
			path = Member;
			sourceTree = "<group>";
		};
		84F92F9B1F4FFD920002074D /* Buttons */ = {
			isa = PBXGroup;
			children = (
				84F92F9C1F4FFD920002074D /* BaseButton.swift */,
				84F92F9D1F4FFD920002074D /* FacebookButon.swift */,
				84C4CF421F56AFB8001DA94A /* BlackButton.swift */,
				84C4CF441F56D445001DA94A /* RedButton.swift */,
				84C4CF521F5833FC001DA94A /* CircleButton.swift */,
				841CA8131F66E82B004C95CF /* MemberButton.swift */,
				841CA8151F66E83B004C95CF /* FitnessCenterButton.swift */,
			);
			path = Buttons;
			sourceTree = "<group>";
		};
		84F92F9E1F4FFD920002074D /* TextFields */ = {
			isa = PBXGroup;
			children = (
				84C4CF481F56D78E001DA94A /* BlackTextField.swift */,
				84F92F9F1F4FFD920002074D /* BaseTextField.swift */,
			);
			path = TextFields;
			sourceTree = "<group>";
		};
		84F92FA01F4FFD920002074D /* View */ = {
			isa = PBXGroup;
			children = (
				84F92FA11F4FFD920002074D /* BaseView.swift */,
			);
			path = View;
			sourceTree = "<group>";
		};
		84F92FAC1F5032780002074D /* Model */ = {
			isa = PBXGroup;
			children = (
				84F92FAD1F50329F0002074D /* SACheckedInMember.swift */,
				84F92FDC1F542A3E0002074D /* NotificationModel.swift */,
				84F92FE41F55380D0002074D /* ClassModel.swift */,
				84F92FEA1F5561C00002074D /* ClassModelArray.swift */,
				84CBB5381F55C07C001C369F /* BlogModel.swift */,
				84CBB53A1F55C1D9001C369F /* BlogModelArray.swift */,
				84C4CF4E1F57FBCF001DA94A /* DietPlanModel.swift */,
				84409B1D1F5D3658005BAC61 /* FitnessCenterModel.swift */,
				84409B1F1F5D36CA005BAC61 /* FacilitiesModel.swift */,
				84409B211F5D3809005BAC61 /* FitnessCenterModelArray.swift */,
				84409B251F5D58D4005BAC61 /* ErrorModel.swift */,
				841CA8331F681519004C95CF /* LoginModel.swift */,
				841CA8351F6816E1004C95CF /* RegisterModel.swift */,
				841CA8371F68493C004C95CF /* LoginModelResponse.swift */,
				841CA83B1F68FB61004C95CF /* LocationModel.swift */,
				841CA83D1F68FD0A004C95CF /* LocationModelArray.swift */,
				841CA8411F690666004C95CF /* SuccessModel.swift */,
				841CA8C11F6AB9A1004C95CF /* FCLoginResponse.swift */,
				841CA8C51F6AE698004C95CF /* CheckInModel.swift */,
			);
			path = Model;
			sourceTree = "<group>";
		};
		84F92FBC1F52F6E00002074D /* Storyboards */ = {
			isa = PBXGroup;
			children = (
				84F92FBD1F52F6E00002074D /* Fitness */,
				84F92FBF1F52F6E00002074D /* Member */,
			);
			name = Storyboards;
			path = Base.lproj/Storyboards;
			sourceTree = "<group>";
		};
		84F92FBD1F52F6E00002074D /* Fitness */ = {
			isa = PBXGroup;
			children = (
				84F92FBE1F52F6E00002074D /* Fitness.storyboard */,
			);
			path = Fitness;
			sourceTree = "<group>";
		};
		84F92FBF1F52F6E00002074D /* Member */ = {
			isa = PBXGroup;
			children = (
				84F92FC01F52F6E00002074D /* Main.storyboard */,
			);
			path = Member;
			sourceTree = "<group>";
		};
		84F92FCD1F540DC20002074D /* Enums */ = {
			isa = PBXGroup;
			children = (
				84F92FCE1F540DC20002074D /* StayAptEnums.swift */,
			);
			path = Enums;
			sourceTree = "<group>";
		};
		E247400F1F4C3A5A001DC93D = {
			isa = PBXGroup;
			children = (
				E247401A1F4C3A5A001DC93D /* StayAPT */,
				E24740191F4C3A5A001DC93D /* Products */,
				3FD37BCB607263194687054A /* Pods */,
				55F92A1D63A273701F0FA54E /* Frameworks */,
			);
			sourceTree = "<group>";
		};
		E24740191F4C3A5A001DC93D /* Products */ = {
			isa = PBXGroup;
			children = (
				E24740181F4C3A5A001DC93D /* StayAPT.app */,
			);
			name = Products;
			sourceTree = "<group>";
		};
		E247401A1F4C3A5A001DC93D /* StayAPT */ = {
			isa = PBXGroup;
			children = (
				84F92FBC1F52F6E00002074D /* Storyboards */,
				84F92FAC1F5032780002074D /* Model */,
				84DDE46D1F4D933900A2E244 /* AppDelegate */,
				84DDE4681F4D8EC000A2E244 /* Helpers */,
				84409B4E1F5EC836005BAC61 /* Fonts */,
				84DDE4691F4D8EC000A2E244 /* Services */,
				84DDE46A1F4D8EC000A2E244 /* Views */,
				84DDE4631F4D8E2A00A2E244 /* Controllers */,
				E24740221F4C3A5A001DC93D /* Assets.xcassets */,
				E24740241F4C3A5A001DC93D /* LaunchScreen.storyboard */,
				E24740271F4C3A5A001DC93D /* Info.plist */,
				84DDE4741F4E0C4700A2E244 /* BaseViewController.swift */,
			);
			path = StayAPT;
			sourceTree = "<group>";
		};
/* End PBXGroup section */

/* Begin PBXNativeTarget section */
		E24740171F4C3A5A001DC93D /* StayAPT */ = {
			isa = PBXNativeTarget;
			buildConfigurationList = E247402A1F4C3A5A001DC93D /* Build configuration list for PBXNativeTarget "StayAPT" */;
			buildPhases = (
				0F1164E93C7DA319AA4A0FC8 /* [CP] Check Pods Manifest.lock */,
				E24740141F4C3A5A001DC93D /* Sources */,
				E24740151F4C3A5A001DC93D /* Frameworks */,
				E24740161F4C3A5A001DC93D /* Resources */,
				79BE13D9B744738F2D837DA0 /* [CP] Embed Pods Frameworks */,
				7C17FA48D34054227D066A8B /* [CP] Copy Pods Resources */,
			);
			buildRules = (
			);
			dependencies = (
			);
			name = StayAPT;
			productName = StayAPT;
			productReference = E24740181F4C3A5A001DC93D /* StayAPT.app */;
			productType = "com.apple.product-type.application";
		};
/* End PBXNativeTarget section */

/* Begin PBXProject section */
		E24740101F4C3A5A001DC93D /* Project object */ = {
			isa = PBXProject;
			attributes = {
				LastSwiftUpdateCheck = 0830;
				LastUpgradeCheck = 0830;
				ORGANIZATIONNAME = Techximum;
				TargetAttributes = {
					E24740171F4C3A5A001DC93D = {
						CreatedOnToolsVersion = 8.3.3;
						DevelopmentTeam = Z8HU92LYAQ;
						ProvisioningStyle = Automatic;
					};
				};
			};
			buildConfigurationList = E24740131F4C3A5A001DC93D /* Build configuration list for PBXProject "StayAPT" */;
			compatibilityVersion = "Xcode 3.2";
			developmentRegion = English;
			hasScannedForEncodings = 0;
			knownRegions = (
				en,
				Base,
			);
			mainGroup = E247400F1F4C3A5A001DC93D;
			productRefGroup = E24740191F4C3A5A001DC93D /* Products */;
			projectDirPath = "";
			projectRoot = "";
			targets = (
				E24740171F4C3A5A001DC93D /* StayAPT */,
			);
		};
/* End PBXProject section */

/* Begin PBXResourcesBuildPhase section */
		E24740161F4C3A5A001DC93D /* Resources */ = {
			isa = PBXResourcesBuildPhase;
			buildActionMask = 2147483647;
			files = (
				84409B541F5EC836005BAC61 /* Javacom.otf in Resources */,
				E24740261F4C3A5A001DC93D /* LaunchScreen.storyboard in Resources */,
				E24740231F4C3A5A001DC93D /* Assets.xcassets in Resources */,
				84409B531F5EC836005BAC61 /* cuyabra_bold.otf in Resources */,
				84F92FC11F52F6E00002074D /* Fitness.storyboard in Resources */,
				84409B521F5EC836005BAC61 /* cuyabra.otf in Resources */,
				84F92FC21F52F6E00002074D /* Main.storyboard in Resources */,
			);
			runOnlyForDeploymentPostprocessing = 0;
		};
/* End PBXResourcesBuildPhase section */

/* Begin PBXShellScriptBuildPhase section */
		0F1164E93C7DA319AA4A0FC8 /* [CP] Check Pods Manifest.lock */ = {
			isa = PBXShellScriptBuildPhase;
			buildActionMask = 2147483647;
			files = (
			);
			inputPaths = (
				"${PODS_PODFILE_DIR_PATH}/Podfile.lock",
				"${PODS_ROOT}/Manifest.lock",
			);
			name = "[CP] Check Pods Manifest.lock";
			outputPaths = (
				"$(DERIVED_FILE_DIR)/Pods-StayAPT-checkManifestLockResult.txt",
			);
			runOnlyForDeploymentPostprocessing = 0;
			shellPath = /bin/sh;
			shellScript = "diff \"${PODS_PODFILE_DIR_PATH}/Podfile.lock\" \"${PODS_ROOT}/Manifest.lock\" > /dev/null\nif [ $? != 0 ] ; then\n    # print error to STDERR\n    echo \"error: The sandbox is not in sync with the Podfile.lock. Run 'pod install' or update your CocoaPods installation.\" >&2\n    exit 1\nfi\n# This output is used by Xcode 'outputs' to avoid re-running this script phase.\necho \"SUCCESS\" > \"${SCRIPT_OUTPUT_FILE_0}\"\n";
			showEnvVarsInLog = 0;
		};
		79BE13D9B744738F2D837DA0 /* [CP] Embed Pods Frameworks */ = {
			isa = PBXShellScriptBuildPhase;
			buildActionMask = 2147483647;
			files = (
			);
			inputPaths = (
				"${SRCROOT}/Pods/Target Support Files/Pods-StayAPT/Pods-StayAPT-frameworks.sh",
				"${BUILT_PRODUCTS_DIR}/Alamofire/Alamofire.framework",
				"${BUILT_PRODUCTS_DIR}/Gloss/Gloss.framework",
				"${BUILT_PRODUCTS_DIR}/IQKeyboardManager/IQKeyboardManager.framework",
				"${BUILT_PRODUCTS_DIR}/Kingfisher/Kingfisher.framework",
				"${BUILT_PRODUCTS_DIR}/RevealingSplashView/RevealingSplashView.framework",
				"${BUILT_PRODUCTS_DIR}/SwiftyUserDefaults/SwiftyUserDefaults.framework",
				"${BUILT_PRODUCTS_DIR}/YBSlantedCollectionViewLayout/YBSlantedCollectionViewLayout.framework",
			);
			name = "[CP] Embed Pods Frameworks";
			outputPaths = (
				"${TARGET_BUILD_DIR}/${FRAMEWORKS_FOLDER_PATH}/Alamofire.framework",
				"${TARGET_BUILD_DIR}/${FRAMEWORKS_FOLDER_PATH}/Gloss.framework",
				"${TARGET_BUILD_DIR}/${FRAMEWORKS_FOLDER_PATH}/IQKeyboardManager.framework",
				"${TARGET_BUILD_DIR}/${FRAMEWORKS_FOLDER_PATH}/Kingfisher.framework",
				"${TARGET_BUILD_DIR}/${FRAMEWORKS_FOLDER_PATH}/RevealingSplashView.framework",
				"${TARGET_BUILD_DIR}/${FRAMEWORKS_FOLDER_PATH}/SwiftyUserDefaults.framework",
				"${TARGET_BUILD_DIR}/${FRAMEWORKS_FOLDER_PATH}/YBSlantedCollectionViewLayout.framework",
			);
			runOnlyForDeploymentPostprocessing = 0;
			shellPath = /bin/sh;
			shellScript = "\"${SRCROOT}/Pods/Target Support Files/Pods-StayAPT/Pods-StayAPT-frameworks.sh\"\n";
			showEnvVarsInLog = 0;
		};
		7C17FA48D34054227D066A8B /* [CP] Copy Pods Resources */ = {
			isa = PBXShellScriptBuildPhase;
			buildActionMask = 2147483647;
			files = (
			);
			inputPaths = (
			);
			name = "[CP] Copy Pods Resources";
			outputPaths = (
			);
			runOnlyForDeploymentPostprocessing = 0;
			shellPath = /bin/sh;
			shellScript = "\"${SRCROOT}/Pods/Target Support Files/Pods-StayAPT/Pods-StayAPT-resources.sh\"\n";
			showEnvVarsInLog = 0;
		};
/* End PBXShellScriptBuildPhase section */

/* Begin PBXSourcesBuildPhase section */
		E24740141F4C3A5A001DC93D /* Sources */ = {
			isa = PBXSourcesBuildPhase;
			buildActionMask = 2147483647;
			files = (
				84409B261F5D58D4005BAC61 /* ErrorModel.swift in Sources */,
				841CA8141F66E82B004C95CF /* MemberButton.swift in Sources */,
				841CA8421F690666004C95CF /* SuccessModel.swift in Sources */,
				841CA2501F613A7D004C95CF /* MembershipDetailsTableViewController.swift in Sources */,
				841CA24D1F613A7D004C95CF /* CheckedInMemberCollectionViewController.swift in Sources */,
				84CBB53D1F55C334001C369F /* BlogService+GET.swift in Sources */,
				84C4CF3D1F569AD9001DA94A /* DietTableViewCell.swift in Sources */,
				84409B561F5FD605005BAC61 /* ManagerService.swift in Sources */,
				84CBB5341F559A90001C369F /* GalleryCollectionViewCell.swift in Sources */,
				841CA82B1F68130E004C95CF /* Loader.swift in Sources */,
				84F92FE51F55380D0002074D /* ClassModel.swift in Sources */,
				841CA2511F613A7D004C95CF /* PersonalDetailTableViewController.swift in Sources */,
				84409B3F1F5D7041005BAC61 /* GalleryCollectionViewController.swift in Sources */,
				841CA8281F68130E004C95CF /* AlertView+Helper.swift in Sources */,
				84409B2F1F5D6D20005BAC61 /* MenuTableViewController.swift in Sources */,
				84409B351F5D6DFA005BAC61 /* BlogsTableViewController.swift in Sources */,
				841CA24E1F613A7D004C95CF /* CheckInMemberViewController.swift in Sources */,
				841CA8291F68130E004C95CF /* DeviceType+Helper.swift in Sources */,
				84C4CF451F56D445001DA94A /* RedButton.swift in Sources */,
				841CA2591F613DCE004C95CF /* MembersListCollectionViewController.swift in Sources */,
				84CBB5301F559A90001C369F /* FitnessInformationTableViewCell.swift in Sources */,
				84A7B6631F6FFC9900EC64D0 /* AddFitnessCenterService+POST.swift in Sources */,
				84CBB5351F559A90001C369F /* MenuListingTableViewCell.swift in Sources */,
				841CA8181F67A89B004C95CF /* ReportTableViewController.swift in Sources */,
				84A7B6671F71012E00EC64D0 /* MediumBoldLabel.swift in Sources */,
				841CA2181F612F80004C95CF /* FitnessHomeViewController.swift in Sources */,
				841CA2541F613A7D004C95CF /* VisitorsFormTableViewController.swift in Sources */,
				84C4CF491F56D78E001DA94A /* BlackTextField.swift in Sources */,
				841CA8341F681519004C95CF /* LoginModel.swift in Sources */,
				841CA8161F66E83B004C95CF /* FitnessCenterButton.swift in Sources */,
				846250751F4EC3B400654E3D /* FitnessCenterDetailCollectionViewCell.swift in Sources */,
				84C4CF431F56AFB8001DA94A /* BlackButton.swift in Sources */,
				84CBB5221F5597E3001C369F /* SignUpTableViewController.swift in Sources */,
				841CA8211F681212004C95CF /* SmallLabel.swift in Sources */,
				841CA8C41F6ADF64004C95CF /* FCCheckInService+POST.swift in Sources */,
				84C4CF531F5833FC001DA94A /* CircleButton.swift in Sources */,
				841CA2521F613A7D004C95CF /* StayAptTableViewController.swift in Sources */,
				84409B3C1F5D6FB4005BAC61 /* DietViewController.swift in Sources */,
				84409B381F5D6F2B005BAC61 /* DietPlanTableViewController.swift in Sources */,
				84409B1C1F5D349B005BAC61 /* FitnessCenterService+GET.swift in Sources */,
				84CBB5211F5597E3001C369F /* SettingsTableViewController.swift in Sources */,
				841CA2571F613AAA004C95CF /* CheckInTableViewController.swift in Sources */,
				841CA83E1F68FD0A004C95CF /* LocationModelArray.swift in Sources */,
				84CBB5321F559A90001C369F /* VisitorsListingTableViewCell.swift in Sources */,
				841CA8C61F6AE698004C95CF /* CheckInModel.swift in Sources */,
				841CA8D21F6D42DA004C95CF /* DefaultKeys.swift in Sources */,
				84F92FA41F4FFD920002074D /* BaseTextField.swift in Sources */,
				841CA2191F612F80004C95CF /* FitnessCenterLoginTableViewController.swift in Sources */,
				84F92F941F4FF8610002074D /* HomeViewController.swift in Sources */,
				84C4CF511F57FF35001DA94A /* DietPlanTableViewCell.swift in Sources */,
				84824A551F74EA21006F8C8C /* UIImageView+Helper.swift in Sources */,
				84409B301F5D6D20005BAC61 /* MenuViewController.swift in Sources */,
				84C4CF4F1F57FBCF001DA94A /* DietPlanModel.swift in Sources */,
				84F92FA21F4FFD920002074D /* BaseButton.swift in Sources */,
				841CA2531F613A7D004C95CF /* FitnessNotificationTableViewController.swift in Sources */,
				844099311F5B1971005BAC61 /* FitnessBuddyTableViewController.swift in Sources */,
				84F92FDD1F542A3E0002074D /* NotificationModel.swift in Sources */,
				841CA2551F613A7D004C95CF /* VisitiorsListingTableViewController.swift in Sources */,
				84C4CF4B1F56EB52001DA94A /* EditProfileTableViewController.swift in Sources */,
				84CBB5361F559A90001C369F /* MenuTableViewCell.swift in Sources */,
				84A7B6691F71016200EC64D0 /* SmallBoldLabel.swift in Sources */,
				841CA8C81F6AEE01004C95CF /* FCCheckoutService+POST.swift in Sources */,
				84F92FA31F4FFD920002074D /* FacebookButon.swift in Sources */,
				84409B481F5E700D005BAC61 /* ProfileViewController.swift in Sources */,
				84CBB5391F55C07C001C369F /* BlogModel.swift in Sources */,
				84CBB5331F559A90001C369F /* BlogsTableViewCell.swift in Sources */,
				84CBB52F1F559A90001C369F /* CheckedInMemberCollectionViewCell.swift in Sources */,
				841CA8D01F6D38B5004C95CF /* LoginUtils.swift in Sources */,
				841CA8201F681212004C95CF /* MediumLabel.swift in Sources */,
				841CA8321F6813C7004C95CF /* UserLoginService+POST.swift in Sources */,
				84A7B6651F7100E100EC64D0 /* BaseBoldLabel.swift in Sources */,
				84409B2B1F5D6B5F005BAC61 /* FitnessCenterViewController.swift in Sources */,
				841CA8381F68493C004C95CF /* LoginModelResponse.swift in Sources */,
				84409B1E1F5D3658005BAC61 /* FitnessCenterModel.swift in Sources */,
				841CA24F1F613A7D004C95CF /* FitnessDashBoardTableViewController.swift in Sources */,
				841CA8C21F6AB9A1004C95CF /* FCLoginResponse.swift in Sources */,
				841CA82C1F68130E004C95CF /* StayAptConstants.swift in Sources */,
				84F92FEB1F5561C00002074D /* ClassModelArray.swift in Sources */,
				84CBB5201F5597E3001C369F /* LoginTableViewController.swift in Sources */,
				84DDE46F1F4D934D00A2E244 /* AppDelegate.swift in Sources */,
				84409B3B1F5D6FB4005BAC61 /* DietPlanViewController.swift in Sources */,
				84409B341F5D6DFA005BAC61 /* BlogDetailTableViewController.swift in Sources */,
				841CA83C1F68FB61004C95CF /* LocationModel.swift in Sources */,
				84CBB53B1F55C1D9001C369F /* BlogModelArray.swift in Sources */,
				84409B221F5D3809005BAC61 /* FitnessCenterModelArray.swift in Sources */,
				841CA8361F6816E1004C95CF /* RegisterModel.swift in Sources */,
				84DDE4751F4E0C4700A2E244 /* BaseViewController.swift in Sources */,
				84F92F9A1F4FF8610002074D /* ViewController.swift in Sources */,
				84A7B6611F6F8F9A00EC64D0 /* MembersDetailTableViewController.swift in Sources */,
				841CA81F1F681212004C95CF /* BaseLabel.swift in Sources */,
				841CA25B1F613EF4004C95CF /* MembersListCollectionViewCell.swift in Sources */,
				84F92FAE1F50329F0002074D /* SACheckedInMember.swift in Sources */,
				841CA8C01F6AB922004C95CF /* FCLoginService+POST.swift in Sources */,
				84409B4B1F5EA634005BAC61 /* FitnessCenterDetailsViewController.swift in Sources */,
				84CBB5311F559A90001C369F /* FitnessNotificationTableViewCell.swift in Sources */,
				844099331F5B19AD005BAC61 /* FitnessBuddyTableViewCell.swift in Sources */,
				84409B2A1F5D6B5F005BAC61 /* FitnessCenterTableViewController.swift in Sources */,
				84F92FA51F4FFD920002074D /* BaseView.swift in Sources */,
				84409B201F5D36CA005BAC61 /* FacilitiesModel.swift in Sources */,
				841CA82A1F68130E004C95CF /* Extension+Helpers.swift in Sources */,
				84F92FCF1F540DC20002074D /* StayAptEnums.swift in Sources */,
				841CA83A1F68FAD8004C95CF /* LocationServices+GET.swift in Sources */,
				841CA8301F6813BC004C95CF /* RegisterService+POST.swift in Sources */,
				84F92FE71F553A4C0002074D /* ClassService+GET.swift in Sources */,
			);
			runOnlyForDeploymentPostprocessing = 0;
		};
/* End PBXSourcesBuildPhase section */

/* Begin PBXVariantGroup section */
		E24740241F4C3A5A001DC93D /* LaunchScreen.storyboard */ = {
			isa = PBXVariantGroup;
			children = (
				E24740251F4C3A5A001DC93D /* Base */,
			);
			name = LaunchScreen.storyboard;
			sourceTree = "<group>";
		};
/* End PBXVariantGroup section */

/* Begin XCBuildConfiguration section */
		E24740281F4C3A5A001DC93D /* Debug */ = {
			isa = XCBuildConfiguration;
			buildSettings = {
				ALWAYS_SEARCH_USER_PATHS = NO;
				CLANG_ANALYZER_NONNULL = YES;
				CLANG_ANALYZER_NUMBER_OBJECT_CONVERSION = YES_AGGRESSIVE;
				CLANG_CXX_LANGUAGE_STANDARD = "gnu++0x";
				CLANG_CXX_LIBRARY = "libc++";
				CLANG_ENABLE_MODULES = YES;
				CLANG_ENABLE_OBJC_ARC = YES;
				CLANG_WARN_BOOL_CONVERSION = YES;
				CLANG_WARN_CONSTANT_CONVERSION = YES;
				CLANG_WARN_DIRECT_OBJC_ISA_USAGE = YES_ERROR;
				CLANG_WARN_DOCUMENTATION_COMMENTS = YES;
				CLANG_WARN_EMPTY_BODY = YES;
				CLANG_WARN_ENUM_CONVERSION = YES;
				CLANG_WARN_INFINITE_RECURSION = YES;
				CLANG_WARN_INT_CONVERSION = YES;
				CLANG_WARN_OBJC_ROOT_CLASS = YES_ERROR;
				CLANG_WARN_SUSPICIOUS_MOVE = YES;
				CLANG_WARN_UNREACHABLE_CODE = YES;
				CLANG_WARN__DUPLICATE_METHOD_MATCH = YES;
				"CODE_SIGN_IDENTITY[sdk=iphoneos*]" = "iPhone Developer";
				COPY_PHASE_STRIP = NO;
				DEBUG_INFORMATION_FORMAT = dwarf;
				ENABLE_STRICT_OBJC_MSGSEND = YES;
				ENABLE_TESTABILITY = YES;
				GCC_C_LANGUAGE_STANDARD = gnu99;
				GCC_DYNAMIC_NO_PIC = NO;
				GCC_NO_COMMON_BLOCKS = YES;
				GCC_OPTIMIZATION_LEVEL = 0;
				GCC_PREPROCESSOR_DEFINITIONS = (
					"DEBUG=1",
					"$(inherited)",
				);
				GCC_WARN_64_TO_32_BIT_CONVERSION = YES;
				GCC_WARN_ABOUT_RETURN_TYPE = YES_ERROR;
				GCC_WARN_UNDECLARED_SELECTOR = YES;
				GCC_WARN_UNINITIALIZED_AUTOS = YES_AGGRESSIVE;
				GCC_WARN_UNUSED_FUNCTION = YES;
				GCC_WARN_UNUSED_VARIABLE = YES;
				IPHONEOS_DEPLOYMENT_TARGET = 10.3;
				MTL_ENABLE_DEBUG_INFO = YES;
				ONLY_ACTIVE_ARCH = YES;
				SDKROOT = iphoneos;
				SWIFT_ACTIVE_COMPILATION_CONDITIONS = DEBUG;
				SWIFT_OPTIMIZATION_LEVEL = "-Onone";
				TARGETED_DEVICE_FAMILY = "1,2";
			};
			name = Debug;
		};
		E24740291F4C3A5A001DC93D /* Release */ = {
			isa = XCBuildConfiguration;
			buildSettings = {
				ALWAYS_SEARCH_USER_PATHS = NO;
				CLANG_ANALYZER_NONNULL = YES;
				CLANG_ANALYZER_NUMBER_OBJECT_CONVERSION = YES_AGGRESSIVE;
				CLANG_CXX_LANGUAGE_STANDARD = "gnu++0x";
				CLANG_CXX_LIBRARY = "libc++";
				CLANG_ENABLE_MODULES = YES;
				CLANG_ENABLE_OBJC_ARC = YES;
				CLANG_WARN_BOOL_CONVERSION = YES;
				CLANG_WARN_CONSTANT_CONVERSION = YES;
				CLANG_WARN_DIRECT_OBJC_ISA_USAGE = YES_ERROR;
				CLANG_WARN_DOCUMENTATION_COMMENTS = YES;
				CLANG_WARN_EMPTY_BODY = YES;
				CLANG_WARN_ENUM_CONVERSION = YES;
				CLANG_WARN_INFINITE_RECURSION = YES;
				CLANG_WARN_INT_CONVERSION = YES;
				CLANG_WARN_OBJC_ROOT_CLASS = YES_ERROR;
				CLANG_WARN_SUSPICIOUS_MOVE = YES;
				CLANG_WARN_UNREACHABLE_CODE = YES;
				CLANG_WARN__DUPLICATE_METHOD_MATCH = YES;
				"CODE_SIGN_IDENTITY[sdk=iphoneos*]" = "iPhone Developer";
				COPY_PHASE_STRIP = NO;
				DEBUG_INFORMATION_FORMAT = "dwarf-with-dsym";
				ENABLE_NS_ASSERTIONS = NO;
				ENABLE_STRICT_OBJC_MSGSEND = YES;
				GCC_C_LANGUAGE_STANDARD = gnu99;
				GCC_NO_COMMON_BLOCKS = YES;
				GCC_WARN_64_TO_32_BIT_CONVERSION = YES;
				GCC_WARN_ABOUT_RETURN_TYPE = YES_ERROR;
				GCC_WARN_UNDECLARED_SELECTOR = YES;
				GCC_WARN_UNINITIALIZED_AUTOS = YES_AGGRESSIVE;
				GCC_WARN_UNUSED_FUNCTION = YES;
				GCC_WARN_UNUSED_VARIABLE = YES;
				IPHONEOS_DEPLOYMENT_TARGET = 10.3;
				MTL_ENABLE_DEBUG_INFO = NO;
				SDKROOT = iphoneos;
				SWIFT_OPTIMIZATION_LEVEL = "-Owholemodule";
				TARGETED_DEVICE_FAMILY = "1,2";
				VALIDATE_PRODUCT = YES;
			};
			name = Release;
		};
		E247402B1F4C3A5A001DC93D /* Debug */ = {
			isa = XCBuildConfiguration;
			baseConfigurationReference = 65E17ABEC52E49A16416692A /* Pods-StayAPT.debug.xcconfig */;
			buildSettings = {
				ASSETCATALOG_COMPILER_APPICON_NAME = AppIcon;
				DEVELOPMENT_TEAM = Z8HU92LYAQ;
				INFOPLIST_FILE = StayAPT/Info.plist;
				IPHONEOS_DEPLOYMENT_TARGET = 9.3;
				LD_RUNPATH_SEARCH_PATHS = "$(inherited) @executable_path/Frameworks";
				PRODUCT_BUNDLE_IDENTIFIER = com.techximum.StayAPT;
				PRODUCT_NAME = "$(TARGET_NAME)";
				SWIFT_VERSION = 3.0;
			};
			name = Debug;
		};
		E247402C1F4C3A5A001DC93D /* Release */ = {
			isa = XCBuildConfiguration;
			baseConfigurationReference = E7E1724A211DA44BDEFD3C36 /* Pods-StayAPT.release.xcconfig */;
			buildSettings = {
				ASSETCATALOG_COMPILER_APPICON_NAME = AppIcon;
				DEVELOPMENT_TEAM = Z8HU92LYAQ;
				INFOPLIST_FILE = StayAPT/Info.plist;
				IPHONEOS_DEPLOYMENT_TARGET = 9.3;
				LD_RUNPATH_SEARCH_PATHS = "$(inherited) @executable_path/Frameworks";
				PRODUCT_BUNDLE_IDENTIFIER = com.techximum.StayAPT;
				PRODUCT_NAME = "$(TARGET_NAME)";
				SWIFT_VERSION = 3.0;
			};
			name = Release;
		};
/* End XCBuildConfiguration section */

/* Begin XCConfigurationList section */
		E24740131F4C3A5A001DC93D /* Build configuration list for PBXProject "StayAPT" */ = {
			isa = XCConfigurationList;
			buildConfigurations = (
				E24740281F4C3A5A001DC93D /* Debug */,
				E24740291F4C3A5A001DC93D /* Release */,
			);
			defaultConfigurationIsVisible = 0;
			defaultConfigurationName = Release;
		};
		E247402A1F4C3A5A001DC93D /* Build configuration list for PBXNativeTarget "StayAPT" */ = {
			isa = XCConfigurationList;
			buildConfigurations = (
				E247402B1F4C3A5A001DC93D /* Debug */,
				E247402C1F4C3A5A001DC93D /* Release */,
			);
			defaultConfigurationIsVisible = 0;
			defaultConfigurationName = Release;
		};
/* End XCConfigurationList section */
	};
	rootObject = E24740101F4C3A5A001DC93D /* Project object */;
}
